
Microsoft Visual Studio Solution File, Format Version 12.00
# Visual Studio Version 17
VisualStudioVersion = 17.4.33213.308
MinimumVisualStudioVersion = 10.0.40219.1
Project("{8BC9CEB8-8B4A-11D0-8D11-00A0C91BC942}") = "NaiveOpenXrGame", "NaiveOpenXrGame\NaiveOpenXrGame.vcxproj", "{097BCE95-A9C7-4E15-BBAE-62E89A167A62}"
EndProject
Project("{8BC9CEB8-8B4A-11D0-8D11-00A0C91BC942}") = "openxr_loader", "..\..\..\..\..\OpenXR-SDK\win64\src\loader\openxr_loader.vcxproj", "{F284CFF0-AD5A-30B4-B78A-83CE9A8125D5}"
EndProject
Project("{2150E333-8FDC-42A3-9474-1A3956D46DE8}") = "PhysX", "PhysX", "{B0B8E8BE-6503-4F11-B568-A458F92397BE}"
EndProject
Project("{8BC9CEB8-8B4A-11D0-8D11-00A0C91BC942}") = "PhysX", "..\..\SDKs\SDKs\PhysX\physx\compiler\vc16win64\sdk_source_bin\PhysX.vcxproj", "{249B9CE1-F2B9-3EF2-8747-80DE5A2E58D0}"
EndProject
Project("{8BC9CEB8-8B4A-11D0-8D11-00A0C91BC942}") = "PhysXCharacterKinematic", "..\..\SDKs\SDKs\PhysX\physx\compiler\vc16win64\sdk_source_bin\PhysXCharacterKinematic.vcxproj", "{E45EC887-8677-330F-82CE-DC07DCEA4BDD}"
EndProject
Project("{8BC9CEB8-8B4A-11D0-8D11-00A0C91BC942}") = "PhysXCommon", "..\..\SDKs\SDKs\PhysX\physx\compiler\vc16win64\sdk_source_bin\PhysXCommon.vcxproj", "{EAEC76AB-E6B6-3149-9AB9-E9C780EAF3B5}"
EndProject
Project("{8BC9CEB8-8B4A-11D0-8D11-00A0C91BC942}") = "PhysXCooking", "..\..\SDKs\SDKs\PhysX\physx\compiler\vc16win64\sdk_source_bin\PhysXCooking.vcxproj", "{064F6FAD-E54A-3CE3-AAC5-4BE93F517912}"
EndProject
Project("{8BC9CEB8-8B4A-11D0-8D11-00A0C91BC942}") = "PhysXFoundation", "..\..\SDKs\SDKs\PhysX\physx\compiler\vc16win64\sdk_source_bin\PhysXFoundation.vcxproj", "{B603F618-9AC5-3631-B0DF-AB61EB775923}"
EndProject
Project("{8BC9CEB8-8B4A-11D0-8D11-00A0C91BC942}") = "PhysXVehicle", "..\..\SDKs\SDKs\PhysX\physx\compiler\vc16win64\sdk_source_bin\PhysXVehicle.vcxproj", "{56506BA1-7118-3890-8E17-07DE67CDDBE5}"
EndProject
Project("{8BC9CEB8-8B4A-11D0-8D11-00A0C91BC942}") = "PhysXVehicle2", "..\..\SDKs\SDKs\PhysX\physx\compiler\vc16win64\sdk_source_bin\PhysXVehicle2.vcxproj", "{EA2A6333-74FA-3BD9-BB73-D73266E098D2}"
EndProject
Project("{8BC9CEB8-8B4A-11D0-8D11-00A0C91BC942}") = "SceneQuery", "..\..\SDKs\SDKs\PhysX\physx\compiler\vc16win64\sdk_source_bin\SceneQuery.vcxproj", "{1D969C44-4C78-3576-8BB0-AE3F7C8CC633}"
EndProject
Project("{8BC9CEB8-8B4A-11D0-8D11-00A0C91BC942}") = "FastXml", "..\..\SDKs\SDKs\PhysX\physx\compiler\vc16win64\sdk_source_bin\FastXml.vcxproj", "{FA3EE492-3FDA-3152-A465-4FA9E8BEC56F}"
EndProject
Project("{8BC9CEB8-8B4A-11D0-8D11-00A0C91BC942}") = "PhysXExtensions", "..\..\SDKs\SDKs\PhysX\physx\compiler\vc16win64\sdk_source_bin\PhysXExtensions.vcxproj", "{09568289-C1E0-311F-AED9-3FB4F7380DF6}"
EndProject
Project("{8BC9CEB8-8B4A-11D0-8D11-00A0C91BC942}") = "LowLevel", "..\..\SDKs\SDKs\PhysX\physx\compiler\vc16win64\sdk_source_bin\LowLevel.vcxproj", "{61DA5B08-FD7C-3F5E-8F2E-913D149554EB}"
EndProject
Project("{8BC9CEB8-8B4A-11D0-8D11-00A0C91BC942}") = "LowLevelAABB", "..\..\SDKs\SDKs\PhysX\physx\compiler\vc16win64\sdk_source_bin\LowLevelAABB.vcxproj", "{A2488C2F-DD72-32C9-8807-4C550BEF8D7C}"
EndProject
Project("{8BC9CEB8-8B4A-11D0-8D11-00A0C91BC942}") = "LowLevelDynamics", "..\..\SDKs\SDKs\PhysX\physx\compiler\vc16win64\sdk_source_bin\LowLevelDynamics.vcxproj", "{F69AAABB-AEA7-31CE-89EA-52AE082D5DCD}"
EndProject
Project("{8BC9CEB8-8B4A-11D0-8D11-00A0C91BC942}") = "SimulationController", "..\..\SDKs\SDKs\PhysX\physx\compiler\vc16win64\sdk_source_bin\SimulationController.vcxproj", "{D6B63801-8D1A-3394-84D9-6968A4294975}"
EndProject
Project("{8BC9CEB8-8B4A-11D0-8D11-00A0C91BC942}") = "PhysXTask", "..\..\SDKs\SDKs\PhysX\physx\compiler\vc16win64\sdk_source_bin\PhysXTask.vcxproj", "{EE2ABF44-9146-3001-972C-4F9B6DD2352C}"
EndProject
Global
	GlobalSection(SolutionConfigurationPlatforms) = preSolution
		checked|x64 = checked|x64
		checked|x86 = checked|x86
		Debug|x64 = Debug|x64
		Debug|x86 = Debug|x86
		MinSizeRel|x64 = MinSizeRel|x64
		MinSizeRel|x86 = MinSizeRel|x86
		profile|x64 = profile|x64
		profile|x86 = profile|x86
		Release|x64 = Release|x64
		Release|x86 = Release|x86
		RelWithDebInfo|x64 = RelWithDebInfo|x64
		RelWithDebInfo|x86 = RelWithDebInfo|x86
	EndGlobalSection
	GlobalSection(ProjectConfigurationPlatforms) = postSolution
		{097BCE95-A9C7-4E15-BBAE-62E89A167A62}.checked|x64.ActiveCfg = Release|x64
		{097BCE95-A9C7-4E15-BBAE-62E89A167A62}.checked|x64.Build.0 = Release|x64
		{097BCE95-A9C7-4E15-BBAE-62E89A167A62}.checked|x86.ActiveCfg = Release|Win32
		{097BCE95-A9C7-4E15-BBAE-62E89A167A62}.checked|x86.Build.0 = Release|Win32
		{097BCE95-A9C7-4E15-BBAE-62E89A167A62}.Debug|x64.ActiveCfg = Debug|x64
		{097BCE95-A9C7-4E15-BBAE-62E89A167A62}.Debug|x64.Build.0 = Debug|x64
		{097BCE95-A9C7-4E15-BBAE-62E89A167A62}.Debug|x86.ActiveCfg = Debug|Win32
		{097BCE95-A9C7-4E15-BBAE-62E89A167A62}.Debug|x86.Build.0 = Debug|Win32
		{097BCE95-A9C7-4E15-BBAE-62E89A167A62}.MinSizeRel|x64.ActiveCfg = Release|x64
		{097BCE95-A9C7-4E15-BBAE-62E89A167A62}.MinSizeRel|x64.Build.0 = Release|x64
		{097BCE95-A9C7-4E15-BBAE-62E89A167A62}.MinSizeRel|x86.ActiveCfg = Release|Win32
		{097BCE95-A9C7-4E15-BBAE-62E89A167A62}.MinSizeRel|x86.Build.0 = Release|Win32
		{097BCE95-A9C7-4E15-BBAE-62E89A167A62}.profile|x64.ActiveCfg = Release|x64
		{097BCE95-A9C7-4E15-BBAE-62E89A167A62}.profile|x64.Build.0 = Release|x64
		{097BCE95-A9C7-4E15-BBAE-62E89A167A62}.profile|x86.ActiveCfg = Release|Win32
		{097BCE95-A9C7-4E15-BBAE-62E89A167A62}.profile|x86.Build.0 = Release|Win32
		{097BCE95-A9C7-4E15-BBAE-62E89A167A62}.Release|x64.ActiveCfg = Release|x64
		{097BCE95-A9C7-4E15-BBAE-62E89A167A62}.Release|x64.Build.0 = Release|x64
		{097BCE95-A9C7-4E15-BBAE-62E89A167A62}.Release|x86.ActiveCfg = Release|Win32
		{097BCE95-A9C7-4E15-BBAE-62E89A167A62}.Release|x86.Build.0 = Release|Win32
		{097BCE95-A9C7-4E15-BBAE-62E89A167A62}.RelWithDebInfo|x64.ActiveCfg = Release|x64
		{097BCE95-A9C7-4E15-BBAE-62E89A167A62}.RelWithDebInfo|x64.Build.0 = Release|x64
		{097BCE95-A9C7-4E15-BBAE-62E89A167A62}.RelWithDebInfo|x86.ActiveCfg = Release|Win32
		{097BCE95-A9C7-4E15-BBAE-62E89A167A62}.RelWithDebInfo|x86.Build.0 = Release|Win32
		{F284CFF0-AD5A-30B4-B78A-83CE9A8125D5}.checked|x64.ActiveCfg = RelWithDebInfo|x64
		{F284CFF0-AD5A-30B4-B78A-83CE9A8125D5}.checked|x64.Build.0 = RelWithDebInfo|x64
		{F284CFF0-AD5A-30B4-B78A-83CE9A8125D5}.checked|x86.ActiveCfg = RelWithDebInfo|x64
		{F284CFF0-AD5A-30B4-B78A-83CE9A8125D5}.checked|x86.Build.0 = RelWithDebInfo|x64
		{F284CFF0-AD5A-30B4-B78A-83CE9A8125D5}.Debug|x64.ActiveCfg = Debug|x64
		{F284CFF0-AD5A-30B4-B78A-83CE9A8125D5}.Debug|x64.Build.0 = Debug|x64
		{F284CFF0-AD5A-30B4-B78A-83CE9A8125D5}.Debug|x86.ActiveCfg = Debug|x64
		{F284CFF0-AD5A-30B4-B78A-83CE9A8125D5}.Debug|x86.Build.0 = Debug|x64
		{F284CFF0-AD5A-30B4-B78A-83CE9A8125D5}.MinSizeRel|x64.ActiveCfg = MinSizeRel|x64
		{F284CFF0-AD5A-30B4-B78A-83CE9A8125D5}.MinSizeRel|x64.Build.0 = MinSizeRel|x64
		{F284CFF0-AD5A-30B4-B78A-83CE9A8125D5}.MinSizeRel|x86.ActiveCfg = MinSizeRel|x64
		{F284CFF0-AD5A-30B4-B78A-83CE9A8125D5}.MinSizeRel|x86.Build.0 = MinSizeRel|x64
		{F284CFF0-AD5A-30B4-B78A-83CE9A8125D5}.profile|x64.ActiveCfg = RelWithDebInfo|x64
		{F284CFF0-AD5A-30B4-B78A-83CE9A8125D5}.profile|x64.Build.0 = RelWithDebInfo|x64
		{F284CFF0-AD5A-30B4-B78A-83CE9A8125D5}.profile|x86.ActiveCfg = RelWithDebInfo|x64
		{F284CFF0-AD5A-30B4-B78A-83CE9A8125D5}.profile|x86.Build.0 = RelWithDebInfo|x64
		{F284CFF0-AD5A-30B4-B78A-83CE9A8125D5}.Release|x64.ActiveCfg = Release|x64
		{F284CFF0-AD5A-30B4-B78A-83CE9A8125D5}.Release|x64.Build.0 = Release|x64
		{F284CFF0-AD5A-30B4-B78A-83CE9A8125D5}.Release|x86.ActiveCfg = Release|x64
		{F284CFF0-AD5A-30B4-B78A-83CE9A8125D5}.Release|x86.Build.0 = Release|x64
		{F284CFF0-AD5A-30B4-B78A-83CE9A8125D5}.RelWithDebInfo|x64.ActiveCfg = RelWithDebInfo|x64
		{F284CFF0-AD5A-30B4-B78A-83CE9A8125D5}.RelWithDebInfo|x64.Build.0 = RelWithDebInfo|x64
		{F284CFF0-AD5A-30B4-B78A-83CE9A8125D5}.RelWithDebInfo|x86.ActiveCfg = RelWithDebInfo|x64
		{F284CFF0-AD5A-30B4-B78A-83CE9A8125D5}.RelWithDebInfo|x86.Build.0 = RelWithDebInfo|x64
		{249B9CE1-F2B9-3EF2-8747-80DE5A2E58D0}.checked|x64.ActiveCfg = checked|x64
		{249B9CE1-F2B9-3EF2-8747-80DE5A2E58D0}.checked|x64.Build.0 = checked|x64
		{249B9CE1-F2B9-3EF2-8747-80DE5A2E58D0}.checked|x86.ActiveCfg = checked|x64
		{249B9CE1-F2B9-3EF2-8747-80DE5A2E58D0}.checked|x86.Build.0 = checked|x64
		{249B9CE1-F2B9-3EF2-8747-80DE5A2E58D0}.Debug|x64.ActiveCfg = debug|x64
		{249B9CE1-F2B9-3EF2-8747-80DE5A2E58D0}.Debug|x64.Build.0 = debug|x64
		{249B9CE1-F2B9-3EF2-8747-80DE5A2E58D0}.Debug|x86.ActiveCfg = debug|x64
		{249B9CE1-F2B9-3EF2-8747-80DE5A2E58D0}.Debug|x86.Build.0 = debug|x64
		{249B9CE1-F2B9-3EF2-8747-80DE5A2E58D0}.MinSizeRel|x64.ActiveCfg = profile|x64
		{249B9CE1-F2B9-3EF2-8747-80DE5A2E58D0}.MinSizeRel|x64.Build.0 = profile|x64
		{249B9CE1-F2B9-3EF2-8747-80DE5A2E58D0}.MinSizeRel|x86.ActiveCfg = profile|x64
		{249B9CE1-F2B9-3EF2-8747-80DE5A2E58D0}.MinSizeRel|x86.Build.0 = profile|x64
		{249B9CE1-F2B9-3EF2-8747-80DE5A2E58D0}.profile|x64.ActiveCfg = profile|x64
		{249B9CE1-F2B9-3EF2-8747-80DE5A2E58D0}.profile|x64.Build.0 = profile|x64
		{249B9CE1-F2B9-3EF2-8747-80DE5A2E58D0}.profile|x86.ActiveCfg = profile|x64
		{249B9CE1-F2B9-3EF2-8747-80DE5A2E58D0}.profile|x86.Build.0 = profile|x64
		{249B9CE1-F2B9-3EF2-8747-80DE5A2E58D0}.Release|x64.ActiveCfg = release|x64
		{249B9CE1-F2B9-3EF2-8747-80DE5A2E58D0}.Release|x64.Build.0 = release|x64
		{249B9CE1-F2B9-3EF2-8747-80DE5A2E58D0}.Release|x86.ActiveCfg = release|x64
		{249B9CE1-F2B9-3EF2-8747-80DE5A2E58D0}.Release|x86.Build.0 = release|x64
		{249B9CE1-F2B9-3EF2-8747-80DE5A2E58D0}.RelWithDebInfo|x64.ActiveCfg = release|x64
		{249B9CE1-F2B9-3EF2-8747-80DE5A2E58D0}.RelWithDebInfo|x64.Build.0 = release|x64
		{249B9CE1-F2B9-3EF2-8747-80DE5A2E58D0}.RelWithDebInfo|x86.ActiveCfg = release|x64
		{249B9CE1-F2B9-3EF2-8747-80DE5A2E58D0}.RelWithDebInfo|x86.Build.0 = release|x64
		{E45EC887-8677-330F-82CE-DC07DCEA4BDD}.checked|x64.ActiveCfg = checked|x64
		{E45EC887-8677-330F-82CE-DC07DCEA4BDD}.checked|x64.Build.0 = checked|x64
		{E45EC887-8677-330F-82CE-DC07DCEA4BDD}.checked|x86.ActiveCfg = checked|x64
		{E45EC887-8677-330F-82CE-DC07DCEA4BDD}.checked|x86.Build.0 = checked|x64
		{E45EC887-8677-330F-82CE-DC07DCEA4BDD}.Debug|x64.ActiveCfg = debug|x64
		{E45EC887-8677-330F-82CE-DC07DCEA4BDD}.Debug|x64.Build.0 = debug|x64
		{E45EC887-8677-330F-82CE-DC07DCEA4BDD}.Debug|x86.ActiveCfg = debug|x64
		{E45EC887-8677-330F-82CE-DC07DCEA4BDD}.Debug|x86.Build.0 = debug|x64
		{E45EC887-8677-330F-82CE-DC07DCEA4BDD}.MinSizeRel|x64.ActiveCfg = profile|x64
		{E45EC887-8677-330F-82CE-DC07DCEA4BDD}.MinSizeRel|x64.Build.0 = profile|x64
		{E45EC887-8677-330F-82CE-DC07DCEA4BDD}.MinSizeRel|x86.ActiveCfg = profile|x64
		{E45EC887-8677-330F-82CE-DC07DCEA4BDD}.MinSizeRel|x86.Build.0 = profile|x64
		{E45EC887-8677-330F-82CE-DC07DCEA4BDD}.profile|x64.ActiveCfg = profile|x64
		{E45EC887-8677-330F-82CE-DC07DCEA4BDD}.profile|x64.Build.0 = profile|x64
		{E45EC887-8677-330F-82CE-DC07DCEA4BDD}.profile|x86.ActiveCfg = profile|x64
		{E45EC887-8677-330F-82CE-DC07DCEA4BDD}.profile|x86.Build.0 = profile|x64
		{E45EC887-8677-330F-82CE-DC07DCEA4BDD}.Release|x64.ActiveCfg = release|x64
		{E45EC887-8677-330F-82CE-DC07DCEA4BDD}.Release|x64.Build.0 = release|x64
		{E45EC887-8677-330F-82CE-DC07DCEA4BDD}.Release|x86.ActiveCfg = release|x64
		{E45EC887-8677-330F-82CE-DC07DCEA4BDD}.Release|x86.Build.0 = release|x64
		{E45EC887-8677-330F-82CE-DC07DCEA4BDD}.RelWithDebInfo|x64.ActiveCfg = release|x64
		{E45EC887-8677-330F-82CE-DC07DCEA4BDD}.RelWithDebInfo|x64.Build.0 = release|x64
		{E45EC887-8677-330F-82CE-DC07DCEA4BDD}.RelWithDebInfo|x86.ActiveCfg = release|x64
		{E45EC887-8677-330F-82CE-DC07DCEA4BDD}.RelWithDebInfo|x86.Build.0 = release|x64
		{EAEC76AB-E6B6-3149-9AB9-E9C780EAF3B5}.checked|x64.ActiveCfg = checked|x64
		{EAEC76AB-E6B6-3149-9AB9-E9C780EAF3B5}.checked|x64.Build.0 = checked|x64
		{EAEC76AB-E6B6-3149-9AB9-E9C780EAF3B5}.checked|x86.ActiveCfg = checked|x64
		{EAEC76AB-E6B6-3149-9AB9-E9C780EAF3B5}.checked|x86.Build.0 = checked|x64
		{EAEC76AB-E6B6-3149-9AB9-E9C780EAF3B5}.Debug|x64.ActiveCfg = debug|x64
		{EAEC76AB-E6B6-3149-9AB9-E9C780EAF3B5}.Debug|x64.Build.0 = debug|x64
		{EAEC76AB-E6B6-3149-9AB9-E9C780EAF3B5}.Debug|x86.ActiveCfg = debug|x64
		{EAEC76AB-E6B6-3149-9AB9-E9C780EAF3B5}.Debug|x86.Build.0 = debug|x64
		{EAEC76AB-E6B6-3149-9AB9-E9C780EAF3B5}.MinSizeRel|x64.ActiveCfg = profile|x64
		{EAEC76AB-E6B6-3149-9AB9-E9C780EAF3B5}.MinSizeRel|x64.Build.0 = profile|x64
		{EAEC76AB-E6B6-3149-9AB9-E9C780EAF3B5}.MinSizeRel|x86.ActiveCfg = profile|x64
		{EAEC76AB-E6B6-3149-9AB9-E9C780EAF3B5}.MinSizeRel|x86.Build.0 = profile|x64
		{EAEC76AB-E6B6-3149-9AB9-E9C780EAF3B5}.profile|x64.ActiveCfg = profile|x64
		{EAEC76AB-E6B6-3149-9AB9-E9C780EAF3B5}.profile|x64.Build.0 = profile|x64
		{EAEC76AB-E6B6-3149-9AB9-E9C780EAF3B5}.profile|x86.ActiveCfg = profile|x64
		{EAEC76AB-E6B6-3149-9AB9-E9C780EAF3B5}.profile|x86.Build.0 = profile|x64
		{EAEC76AB-E6B6-3149-9AB9-E9C780EAF3B5}.Release|x64.ActiveCfg = release|x64
		{EAEC76AB-E6B6-3149-9AB9-E9C780EAF3B5}.Release|x64.Build.0 = release|x64
		{EAEC76AB-E6B6-3149-9AB9-E9C780EAF3B5}.Release|x86.ActiveCfg = release|x64
		{EAEC76AB-E6B6-3149-9AB9-E9C780EAF3B5}.Release|x86.Build.0 = release|x64
		{EAEC76AB-E6B6-3149-9AB9-E9C780EAF3B5}.RelWithDebInfo|x64.ActiveCfg = release|x64
		{EAEC76AB-E6B6-3149-9AB9-E9C780EAF3B5}.RelWithDebInfo|x64.Build.0 = release|x64
		{EAEC76AB-E6B6-3149-9AB9-E9C780EAF3B5}.RelWithDebInfo|x86.ActiveCfg = release|x64
		{EAEC76AB-E6B6-3149-9AB9-E9C780EAF3B5}.RelWithDebInfo|x86.Build.0 = release|x64
		{064F6FAD-E54A-3CE3-AAC5-4BE93F517912}.checked|x64.ActiveCfg = checked|x64
		{064F6FAD-E54A-3CE3-AAC5-4BE93F517912}.checked|x64.Build.0 = checked|x64
		{064F6FAD-E54A-3CE3-AAC5-4BE93F517912}.checked|x86.ActiveCfg = checked|x64
		{064F6FAD-E54A-3CE3-AAC5-4BE93F517912}.checked|x86.Build.0 = checked|x64
		{064F6FAD-E54A-3CE3-AAC5-4BE93F517912}.Debug|x64.ActiveCfg = debug|x64
		{064F6FAD-E54A-3CE3-AAC5-4BE93F517912}.Debug|x64.Build.0 = debug|x64
		{064F6FAD-E54A-3CE3-AAC5-4BE93F517912}.Debug|x86.ActiveCfg = debug|x64
		{064F6FAD-E54A-3CE3-AAC5-4BE93F517912}.Debug|x86.Build.0 = debug|x64
		{064F6FAD-E54A-3CE3-AAC5-4BE93F517912}.MinSizeRel|x64.ActiveCfg = profile|x64
		{064F6FAD-E54A-3CE3-AAC5-4BE93F517912}.MinSizeRel|x64.Build.0 = profile|x64
		{064F6FAD-E54A-3CE3-AAC5-4BE93F517912}.MinSizeRel|x86.ActiveCfg = profile|x64
		{064F6FAD-E54A-3CE3-AAC5-4BE93F517912}.MinSizeRel|x86.Build.0 = profile|x64
		{064F6FAD-E54A-3CE3-AAC5-4BE93F517912}.profile|x64.ActiveCfg = profile|x64
		{064F6FAD-E54A-3CE3-AAC5-4BE93F517912}.profile|x64.Build.0 = profile|x64
		{064F6FAD-E54A-3CE3-AAC5-4BE93F517912}.profile|x86.ActiveCfg = profile|x64
		{064F6FAD-E54A-3CE3-AAC5-4BE93F517912}.profile|x86.Build.0 = profile|x64
		{064F6FAD-E54A-3CE3-AAC5-4BE93F517912}.Release|x64.ActiveCfg = release|x64
		{064F6FAD-E54A-3CE3-AAC5-4BE93F517912}.Release|x64.Build.0 = release|x64
		{064F6FAD-E54A-3CE3-AAC5-4BE93F517912}.Release|x86.ActiveCfg = release|x64
		{064F6FAD-E54A-3CE3-AAC5-4BE93F517912}.Release|x86.Build.0 = release|x64
		{064F6FAD-E54A-3CE3-AAC5-4BE93F517912}.RelWithDebInfo|x64.ActiveCfg = release|x64
		{064F6FAD-E54A-3CE3-AAC5-4BE93F517912}.RelWithDebInfo|x64.Build.0 = release|x64
		{064F6FAD-E54A-3CE3-AAC5-4BE93F517912}.RelWithDebInfo|x86.ActiveCfg = release|x64
		{064F6FAD-E54A-3CE3-AAC5-4BE93F517912}.RelWithDebInfo|x86.Build.0 = release|x64
		{B603F618-9AC5-3631-B0DF-AB61EB775923}.checked|x64.ActiveCfg = checked|x64
		{B603F618-9AC5-3631-B0DF-AB61EB775923}.checked|x64.Build.0 = checked|x64
		{B603F618-9AC5-3631-B0DF-AB61EB775923}.checked|x86.ActiveCfg = checked|x64
		{B603F618-9AC5-3631-B0DF-AB61EB775923}.checked|x86.Build.0 = checked|x64
		{B603F618-9AC5-3631-B0DF-AB61EB775923}.Debug|x64.ActiveCfg = debug|x64
		{B603F618-9AC5-3631-B0DF-AB61EB775923}.Debug|x64.Build.0 = debug|x64
		{B603F618-9AC5-3631-B0DF-AB61EB775923}.Debug|x86.ActiveCfg = debug|x64
		{B603F618-9AC5-3631-B0DF-AB61EB775923}.Debug|x86.Build.0 = debug|x64
		{B603F618-9AC5-3631-B0DF-AB61EB775923}.MinSizeRel|x64.ActiveCfg = profile|x64
		{B603F618-9AC5-3631-B0DF-AB61EB775923}.MinSizeRel|x64.Build.0 = profile|x64
		{B603F618-9AC5-3631-B0DF-AB61EB775923}.MinSizeRel|x86.ActiveCfg = profile|x64
		{B603F618-9AC5-3631-B0DF-AB61EB775923}.MinSizeRel|x86.Build.0 = profile|x64
		{B603F618-9AC5-3631-B0DF-AB61EB775923}.profile|x64.ActiveCfg = profile|x64
		{B603F618-9AC5-3631-B0DF-AB61EB775923}.profile|x64.Build.0 = profile|x64
		{B603F618-9AC5-3631-B0DF-AB61EB775923}.profile|x86.ActiveCfg = profile|x64
		{B603F618-9AC5-3631-B0DF-AB61EB775923}.profile|x86.Build.0 = profile|x64
		{B603F618-9AC5-3631-B0DF-AB61EB775923}.Release|x64.ActiveCfg = release|x64
		{B603F618-9AC5-3631-B0DF-AB61EB775923}.Release|x64.Build.0 = release|x64
		{B603F618-9AC5-3631-B0DF-AB61EB775923}.Release|x86.ActiveCfg = release|x64
		{B603F618-9AC5-3631-B0DF-AB61EB775923}.Release|x86.Build.0 = release|x64
		{B603F618-9AC5-3631-B0DF-AB61EB775923}.RelWithDebInfo|x64.ActiveCfg = release|x64
		{B603F618-9AC5-3631-B0DF-AB61EB775923}.RelWithDebInfo|x64.Build.0 = release|x64
		{B603F618-9AC5-3631-B0DF-AB61EB775923}.RelWithDebInfo|x86.ActiveCfg = release|x64
		{B603F618-9AC5-3631-B0DF-AB61EB775923}.RelWithDebInfo|x86.Build.0 = release|x64
		{56506BA1-7118-3890-8E17-07DE67CDDBE5}.checked|x64.ActiveCfg = checked|x64
		{56506BA1-7118-3890-8E17-07DE67CDDBE5}.checked|x64.Build.0 = checked|x64
		{56506BA1-7118-3890-8E17-07DE67CDDBE5}.checked|x86.ActiveCfg = checked|x64
		{56506BA1-7118-3890-8E17-07DE67CDDBE5}.checked|x86.Build.0 = checked|x64
		{56506BA1-7118-3890-8E17-07DE67CDDBE5}.Debug|x64.ActiveCfg = debug|x64
		{56506BA1-7118-3890-8E17-07DE67CDDBE5}.Debug|x64.Build.0 = debug|x64
		{56506BA1-7118-3890-8E17-07DE67CDDBE5}.Debug|x86.ActiveCfg = debug|x64
		{56506BA1-7118-3890-8E17-07DE67CDDBE5}.Debug|x86.Build.0 = debug|x64
		{56506BA1-7118-3890-8E17-07DE67CDDBE5}.MinSizeRel|x64.ActiveCfg = profile|x64
		{56506BA1-7118-3890-8E17-07DE67CDDBE5}.MinSizeRel|x64.Build.0 = profile|x64
		{56506BA1-7118-3890-8E17-07DE67CDDBE5}.MinSizeRel|x86.ActiveCfg = profile|x64
		{56506BA1-7118-3890-8E17-07DE67CDDBE5}.MinSizeRel|x86.Build.0 = profile|x64
		{56506BA1-7118-3890-8E17-07DE67CDDBE5}.profile|x64.ActiveCfg = profile|x64
		{56506BA1-7118-3890-8E17-07DE67CDDBE5}.profile|x64.Build.0 = profile|x64
		{56506BA1-7118-3890-8E17-07DE67CDDBE5}.profile|x86.ActiveCfg = profile|x64
		{56506BA1-7118-3890-8E17-07DE67CDDBE5}.profile|x86.Build.0 = profile|x64
		{56506BA1-7118-3890-8E17-07DE67CDDBE5}.Release|x64.ActiveCfg = release|x64
		{56506BA1-7118-3890-8E17-07DE67CDDBE5}.Release|x64.Build.0 = release|x64
		{56506BA1-7118-3890-8E17-07DE67CDDBE5}.Release|x86.ActiveCfg = release|x64
		{56506BA1-7118-3890-8E17-07DE67CDDBE5}.Release|x86.Build.0 = release|x64
		{56506BA1-7118-3890-8E17-07DE67CDDBE5}.RelWithDebInfo|x64.ActiveCfg = release|x64
		{56506BA1-7118-3890-8E17-07DE67CDDBE5}.RelWithDebInfo|x64.Build.0 = release|x64
		{56506BA1-7118-3890-8E17-07DE67CDDBE5}.RelWithDebInfo|x86.ActiveCfg = release|x64
		{56506BA1-7118-3890-8E17-07DE67CDDBE5}.RelWithDebInfo|x86.Build.0 = release|x64
		{EA2A6333-74FA-3BD9-BB73-D73266E098D2}.checked|x64.ActiveCfg = checked|x64
		{EA2A6333-74FA-3BD9-BB73-D73266E098D2}.checked|x64.Build.0 = checked|x64
		{EA2A6333-74FA-3BD9-BB73-D73266E098D2}.checked|x86.ActiveCfg = checked|x64
		{EA2A6333-74FA-3BD9-BB73-D73266E098D2}.checked|x86.Build.0 = checked|x64
		{EA2A6333-74FA-3BD9-BB73-D73266E098D2}.Debug|x64.ActiveCfg = debug|x64
		{EA2A6333-74FA-3BD9-BB73-D73266E098D2}.Debug|x64.Build.0 = debug|x64
		{EA2A6333-74FA-3BD9-BB73-D73266E098D2}.Debug|x86.ActiveCfg = debug|x64
		{EA2A6333-74FA-3BD9-BB73-D73266E098D2}.Debug|x86.Build.0 = debug|x64
		{EA2A6333-74FA-3BD9-BB73-D73266E098D2}.MinSizeRel|x64.ActiveCfg = profile|x64
		{EA2A6333-74FA-3BD9-BB73-D73266E098D2}.MinSizeRel|x64.Build.0 = profile|x64
		{EA2A6333-74FA-3BD9-BB73-D73266E098D2}.MinSizeRel|x86.ActiveCfg = profile|x64
		{EA2A6333-74FA-3BD9-BB73-D73266E098D2}.MinSizeRel|x86.Build.0 = profile|x64
		{EA2A6333-74FA-3BD9-BB73-D73266E098D2}.profile|x64.ActiveCfg = profile|x64
		{EA2A6333-74FA-3BD9-BB73-D73266E098D2}.profile|x64.Build.0 = profile|x64
		{EA2A6333-74FA-3BD9-BB73-D73266E098D2}.profile|x86.ActiveCfg = profile|x64
		{EA2A6333-74FA-3BD9-BB73-D73266E098D2}.profile|x86.Build.0 = profile|x64
		{EA2A6333-74FA-3BD9-BB73-D73266E098D2}.Release|x64.ActiveCfg = release|x64
		{EA2A6333-74FA-3BD9-BB73-D73266E098D2}.Release|x64.Build.0 = release|x64
		{EA2A6333-74FA-3BD9-BB73-D73266E098D2}.Release|x86.ActiveCfg = release|x64
		{EA2A6333-74FA-3BD9-BB73-D73266E098D2}.Release|x86.Build.0 = release|x64
		{EA2A6333-74FA-3BD9-BB73-D73266E098D2}.RelWithDebInfo|x64.ActiveCfg = release|x64
		{EA2A6333-74FA-3BD9-BB73-D73266E098D2}.RelWithDebInfo|x64.Build.0 = release|x64
		{EA2A6333-74FA-3BD9-BB73-D73266E098D2}.RelWithDebInfo|x86.ActiveCfg = release|x64
		{EA2A6333-74FA-3BD9-BB73-D73266E098D2}.RelWithDebInfo|x86.Build.0 = release|x64
		{1D969C44-4C78-3576-8BB0-AE3F7C8CC633}.checked|x64.ActiveCfg = checked|x64
		{1D969C44-4C78-3576-8BB0-AE3F7C8CC633}.checked|x64.Build.0 = checked|x64
		{1D969C44-4C78-3576-8BB0-AE3F7C8CC633}.checked|x86.ActiveCfg = checked|x64
		{1D969C44-4C78-3576-8BB0-AE3F7C8CC633}.checked|x86.Build.0 = checked|x64
		{1D969C44-4C78-3576-8BB0-AE3F7C8CC633}.Debug|x64.ActiveCfg = debug|x64
		{1D969C44-4C78-3576-8BB0-AE3F7C8CC633}.Debug|x64.Build.0 = debug|x64
		{1D969C44-4C78-3576-8BB0-AE3F7C8CC633}.Debug|x86.ActiveCfg = debug|x64
		{1D969C44-4C78-3576-8BB0-AE3F7C8CC633}.Debug|x86.Build.0 = debug|x64
		{1D969C44-4C78-3576-8BB0-AE3F7C8CC633}.MinSizeRel|x64.ActiveCfg = profile|x64
		{1D969C44-4C78-3576-8BB0-AE3F7C8CC633}.MinSizeRel|x64.Build.0 = profile|x64
		{1D969C44-4C78-3576-8BB0-AE3F7C8CC633}.MinSizeRel|x86.ActiveCfg = profile|x64
		{1D969C44-4C78-3576-8BB0-AE3F7C8CC633}.MinSizeRel|x86.Build.0 = profile|x64
		{1D969C44-4C78-3576-8BB0-AE3F7C8CC633}.profile|x64.ActiveCfg = profile|x64
		{1D969C44-4C78-3576-8BB0-AE3F7C8CC633}.profile|x64.Build.0 = profile|x64
		{1D969C44-4C78-3576-8BB0-AE3F7C8CC633}.profile|x86.ActiveCfg = profile|x64
		{1D969C44-4C78-3576-8BB0-AE3F7C8CC633}.profile|x86.Build.0 = profile|x64
		{1D969C44-4C78-3576-8BB0-AE3F7C8CC633}.Release|x64.ActiveCfg = release|x64
		{1D969C44-4C78-3576-8BB0-AE3F7C8CC633}.Release|x64.Build.0 = release|x64
		{1D969C44-4C78-3576-8BB0-AE3F7C8CC633}.Release|x86.ActiveCfg = release|x64
		{1D969C44-4C78-3576-8BB0-AE3F7C8CC633}.Release|x86.Build.0 = release|x64
		{1D969C44-4C78-3576-8BB0-AE3F7C8CC633}.RelWithDebInfo|x64.ActiveCfg = release|x64
		{1D969C44-4C78-3576-8BB0-AE3F7C8CC633}.RelWithDebInfo|x64.Build.0 = release|x64
		{1D969C44-4C78-3576-8BB0-AE3F7C8CC633}.RelWithDebInfo|x86.ActiveCfg = release|x64
		{1D969C44-4C78-3576-8BB0-AE3F7C8CC633}.RelWithDebInfo|x86.Build.0 = release|x64
		{FA3EE492-3FDA-3152-A465-4FA9E8BEC56F}.checked|x64.ActiveCfg = checked|x64
		{FA3EE492-3FDA-3152-A465-4FA9E8BEC56F}.checked|x64.Build.0 = checked|x64
		{FA3EE492-3FDA-3152-A465-4FA9E8BEC56F}.checked|x86.ActiveCfg = checked|x64
		{FA3EE492-3FDA-3152-A465-4FA9E8BEC56F}.checked|x86.Build.0 = checked|x64
		{FA3EE492-3FDA-3152-A465-4FA9E8BEC56F}.Debug|x64.ActiveCfg = debug|x64
		{FA3EE492-3FDA-3152-A465-4FA9E8BEC56F}.Debug|x64.Build.0 = debug|x64
		{FA3EE492-3FDA-3152-A465-4FA9E8BEC56F}.Debug|x86.ActiveCfg = debug|x64
		{FA3EE492-3FDA-3152-A465-4FA9E8BEC56F}.Debug|x86.Build.0 = debug|x64
		{FA3EE492-3FDA-3152-A465-4FA9E8BEC56F}.MinSizeRel|x64.ActiveCfg = profile|x64
		{FA3EE492-3FDA-3152-A465-4FA9E8BEC56F}.MinSizeRel|x64.Build.0 = profile|x64
		{FA3EE492-3FDA-3152-A465-4FA9E8BEC56F}.MinSizeRel|x86.ActiveCfg = profile|x64
		{FA3EE492-3FDA-3152-A465-4FA9E8BEC56F}.MinSizeRel|x86.Build.0 = profile|x64
		{FA3EE492-3FDA-3152-A465-4FA9E8BEC56F}.profile|x64.ActiveCfg = profile|x64
		{FA3EE492-3FDA-3152-A465-4FA9E8BEC56F}.profile|x64.Build.0 = profile|x64
		{FA3EE492-3FDA-3152-A465-4FA9E8BEC56F}.profile|x86.ActiveCfg = profile|x64
		{FA3EE492-3FDA-3152-A465-4FA9E8BEC56F}.profile|x86.Build.0 = profile|x64
		{FA3EE492-3FDA-3152-A465-4FA9E8BEC56F}.Release|x64.ActiveCfg = release|x64
		{FA3EE492-3FDA-3152-A465-4FA9E8BEC56F}.Release|x64.Build.0 = release|x64
		{FA3EE492-3FDA-3152-A465-4FA9E8BEC56F}.Release|x86.ActiveCfg = release|x64
		{FA3EE492-3FDA-3152-A465-4FA9E8BEC56F}.Release|x86.Build.0 = release|x64
		{FA3EE492-3FDA-3152-A465-4FA9E8BEC56F}.RelWithDebInfo|x64.ActiveCfg = release|x64
		{FA3EE492-3FDA-3152-A465-4FA9E8BEC56F}.RelWithDebInfo|x64.Build.0 = release|x64
		{FA3EE492-3FDA-3152-A465-4FA9E8BEC56F}.RelWithDebInfo|x86.ActiveCfg = release|x64
		{FA3EE492-3FDA-3152-A465-4FA9E8BEC56F}.RelWithDebInfo|x86.Build.0 = release|x64
		{09568289-C1E0-311F-AED9-3FB4F7380DF6}.checked|x64.ActiveCfg = checked|x64
		{09568289-C1E0-311F-AED9-3FB4F7380DF6}.checked|x64.Build.0 = checked|x64
		{09568289-C1E0-311F-AED9-3FB4F7380DF6}.checked|x86.ActiveCfg = checked|x64
		{09568289-C1E0-311F-AED9-3FB4F7380DF6}.checked|x86.Build.0 = checked|x64
		{09568289-C1E0-311F-AED9-3FB4F7380DF6}.Debug|x64.ActiveCfg = debug|x64
		{09568289-C1E0-311F-AED9-3FB4F7380DF6}.Debug|x64.Build.0 = debug|x64
		{09568289-C1E0-311F-AED9-3FB4F7380DF6}.Debug|x86.ActiveCfg = debug|x64
		{09568289-C1E0-311F-AED9-3FB4F7380DF6}.Debug|x86.Build.0 = debug|x64
		{09568289-C1E0-311F-AED9-3FB4F7380DF6}.MinSizeRel|x64.ActiveCfg = release|x64
		{09568289-C1E0-311F-AED9-3FB4F7380DF6}.MinSizeRel|x64.Build.0 = release|x64
		{09568289-C1E0-311F-AED9-3FB4F7380DF6}.MinSizeRel|x86.ActiveCfg = release|x64
		{09568289-C1E0-311F-AED9-3FB4F7380DF6}.MinSizeRel|x86.Build.0 = release|x64
		{09568289-C1E0-311F-AED9-3FB4F7380DF6}.profile|x64.ActiveCfg = profile|x64
		{09568289-C1E0-311F-AED9-3FB4F7380DF6}.profile|x64.Build.0 = profile|x64
		{09568289-C1E0-311F-AED9-3FB4F7380DF6}.profile|x86.ActiveCfg = profile|x64
		{09568289-C1E0-311F-AED9-3FB4F7380DF6}.profile|x86.Build.0 = profile|x64
		{09568289-C1E0-311F-AED9-3FB4F7380DF6}.Release|x64.ActiveCfg = release|x64
		{09568289-C1E0-311F-AED9-3FB4F7380DF6}.Release|x64.Build.0 = release|x64
		{09568289-C1E0-311F-AED9-3FB4F7380DF6}.Release|x86.ActiveCfg = release|x64
		{09568289-C1E0-311F-AED9-3FB4F7380DF6}.Release|x86.Build.0 = release|x64
		{09568289-C1E0-311F-AED9-3FB4F7380DF6}.RelWithDebInfo|x64.ActiveCfg = release|x64
		{09568289-C1E0-311F-AED9-3FB4F7380DF6}.RelWithDebInfo|x64.Build.0 = release|x64
		{09568289-C1E0-311F-AED9-3FB4F7380DF6}.RelWithDebInfo|x86.ActiveCfg = release|x64
		{09568289-C1E0-311F-AED9-3FB4F7380DF6}.RelWithDebInfo|x86.Build.0 = release|x64
		{61DA5B08-FD7C-3F5E-8F2E-913D149554EB}.checked|x64.ActiveCfg = checked|x64
		{61DA5B08-FD7C-3F5E-8F2E-913D149554EB}.checked|x64.Build.0 = checked|x64
		{61DA5B08-FD7C-3F5E-8F2E-913D149554EB}.checked|x86.ActiveCfg = checked|x64
		{61DA5B08-FD7C-3F5E-8F2E-913D149554EB}.checked|x86.Build.0 = checked|x64
		{61DA5B08-FD7C-3F5E-8F2E-913D149554EB}.Debug|x64.ActiveCfg = debug|x64
		{61DA5B08-FD7C-3F5E-8F2E-913D149554EB}.Debug|x64.Build.0 = debug|x64
		{61DA5B08-FD7C-3F5E-8F2E-913D149554EB}.Debug|x86.ActiveCfg = debug|x64
		{61DA5B08-FD7C-3F5E-8F2E-913D149554EB}.Debug|x86.Build.0 = debug|x64
		{61DA5B08-FD7C-3F5E-8F2E-913D149554EB}.MinSizeRel|x64.ActiveCfg = profile|x64
		{61DA5B08-FD7C-3F5E-8F2E-913D149554EB}.MinSizeRel|x64.Build.0 = profile|x64
		{61DA5B08-FD7C-3F5E-8F2E-913D149554EB}.MinSizeRel|x86.ActiveCfg = profile|x64
		{61DA5B08-FD7C-3F5E-8F2E-913D149554EB}.MinSizeRel|x86.Build.0 = profile|x64
		{61DA5B08-FD7C-3F5E-8F2E-913D149554EB}.profile|x64.ActiveCfg = profile|x64
		{61DA5B08-FD7C-3F5E-8F2E-913D149554EB}.profile|x64.Build.0 = profile|x64
		{61DA5B08-FD7C-3F5E-8F2E-913D149554EB}.profile|x86.ActiveCfg = profile|x64
		{61DA5B08-FD7C-3F5E-8F2E-913D149554EB}.profile|x86.Build.0 = profile|x64
		{61DA5B08-FD7C-3F5E-8F2E-913D149554EB}.Release|x64.ActiveCfg = release|x64
		{61DA5B08-FD7C-3F5E-8F2E-913D149554EB}.Release|x64.Build.0 = release|x64
		{61DA5B08-FD7C-3F5E-8F2E-913D149554EB}.Release|x86.ActiveCfg = release|x64
		{61DA5B08-FD7C-3F5E-8F2E-913D149554EB}.Release|x86.Build.0 = release|x64
		{61DA5B08-FD7C-3F5E-8F2E-913D149554EB}.RelWithDebInfo|x64.ActiveCfg = release|x64
		{61DA5B08-FD7C-3F5E-8F2E-913D149554EB}.RelWithDebInfo|x64.Build.0 = release|x64
		{61DA5B08-FD7C-3F5E-8F2E-913D149554EB}.RelWithDebInfo|x86.ActiveCfg = release|x64
		{61DA5B08-FD7C-3F5E-8F2E-913D149554EB}.RelWithDebInfo|x86.Build.0 = release|x64
		{A2488C2F-DD72-32C9-8807-4C550BEF8D7C}.checked|x64.ActiveCfg = checked|x64
		{A2488C2F-DD72-32C9-8807-4C550BEF8D7C}.checked|x64.Build.0 = checked|x64
		{A2488C2F-DD72-32C9-8807-4C550BEF8D7C}.checked|x86.ActiveCfg = checked|x64
		{A2488C2F-DD72-32C9-8807-4C550BEF8D7C}.checked|x86.Build.0 = checked|x64
		{A2488C2F-DD72-32C9-8807-4C550BEF8D7C}.Debug|x64.ActiveCfg = debug|x64
		{A2488C2F-DD72-32C9-8807-4C550BEF8D7C}.Debug|x64.Build.0 = debug|x64
		{A2488C2F-DD72-32C9-8807-4C550BEF8D7C}.Debug|x86.ActiveCfg = debug|x64
		{A2488C2F-DD72-32C9-8807-4C550BEF8D7C}.Debug|x86.Build.0 = debug|x64
		{A2488C2F-DD72-32C9-8807-4C550BEF8D7C}.MinSizeRel|x64.ActiveCfg = profile|x64
		{A2488C2F-DD72-32C9-8807-4C550BEF8D7C}.MinSizeRel|x64.Build.0 = profile|x64
		{A2488C2F-DD72-32C9-8807-4C550BEF8D7C}.MinSizeRel|x86.ActiveCfg = profile|x64
		{A2488C2F-DD72-32C9-8807-4C550BEF8D7C}.MinSizeRel|x86.Build.0 = profile|x64
		{A2488C2F-DD72-32C9-8807-4C550BEF8D7C}.profile|x64.ActiveCfg = profile|x64
		{A2488C2F-DD72-32C9-8807-4C550BEF8D7C}.profile|x64.Build.0 = profile|x64
		{A2488C2F-DD72-32C9-8807-4C550BEF8D7C}.profile|x86.ActiveCfg = profile|x64
		{A2488C2F-DD72-32C9-8807-4C550BEF8D7C}.profile|x86.Build.0 = profile|x64
		{A2488C2F-DD72-32C9-8807-4C550BEF8D7C}.Release|x64.ActiveCfg = release|x64
		{A2488C2F-DD72-32C9-8807-4C550BEF8D7C}.Release|x64.Build.0 = release|x64
		{A2488C2F-DD72-32C9-8807-4C550BEF8D7C}.Release|x86.ActiveCfg = release|x64
		{A2488C2F-DD72-32C9-8807-4C550BEF8D7C}.Release|x86.Build.0 = release|x64
		{A2488C2F-DD72-32C9-8807-4C550BEF8D7C}.RelWithDebInfo|x64.ActiveCfg = release|x64
		{A2488C2F-DD72-32C9-8807-4C550BEF8D7C}.RelWithDebInfo|x64.Build.0 = release|x64
		{A2488C2F-DD72-32C9-8807-4C550BEF8D7C}.RelWithDebInfo|x86.ActiveCfg = release|x64
		{A2488C2F-DD72-32C9-8807-4C550BEF8D7C}.RelWithDebInfo|x86.Build.0 = release|x64
		{F69AAABB-AEA7-31CE-89EA-52AE082D5DCD}.checked|x64.ActiveCfg = checked|x64
		{F69AAABB-AEA7-31CE-89EA-52AE082D5DCD}.checked|x64.Build.0 = checked|x64
		{F69AAABB-AEA7-31CE-89EA-52AE082D5DCD}.checked|x86.ActiveCfg = checked|x64
		{F69AAABB-AEA7-31CE-89EA-52AE082D5DCD}.checked|x86.Build.0 = checked|x64
		{F69AAABB-AEA7-31CE-89EA-52AE082D5DCD}.Debug|x64.ActiveCfg = debug|x64
		{F69AAABB-AEA7-31CE-89EA-52AE082D5DCD}.Debug|x64.Build.0 = debug|x64
		{F69AAABB-AEA7-31CE-89EA-52AE082D5DCD}.Debug|x86.ActiveCfg = debug|x64
		{F69AAABB-AEA7-31CE-89EA-52AE082D5DCD}.Debug|x86.Build.0 = debug|x64
		{F69AAABB-AEA7-31CE-89EA-52AE082D5DCD}.MinSizeRel|x64.ActiveCfg = profile|x64
		{F69AAABB-AEA7-31CE-89EA-52AE082D5DCD}.MinSizeRel|x64.Build.0 = profile|x64
		{F69AAABB-AEA7-31CE-89EA-52AE082D5DCD}.MinSizeRel|x86.ActiveCfg = profile|x64
		{F69AAABB-AEA7-31CE-89EA-52AE082D5DCD}.MinSizeRel|x86.Build.0 = profile|x64
		{F69AAABB-AEA7-31CE-89EA-52AE082D5DCD}.profile|x64.ActiveCfg = profile|x64
		{F69AAABB-AEA7-31CE-89EA-52AE082D5DCD}.profile|x64.Build.0 = profile|x64
		{F69AAABB-AEA7-31CE-89EA-52AE082D5DCD}.profile|x86.ActiveCfg = profile|x64
		{F69AAABB-AEA7-31CE-89EA-52AE082D5DCD}.profile|x86.Build.0 = profile|x64
		{F69AAABB-AEA7-31CE-89EA-52AE082D5DCD}.Release|x64.ActiveCfg = release|x64
		{F69AAABB-AEA7-31CE-89EA-52AE082D5DCD}.Release|x64.Build.0 = release|x64
		{F69AAABB-AEA7-31CE-89EA-52AE082D5DCD}.Release|x86.ActiveCfg = release|x64
		{F69AAABB-AEA7-31CE-89EA-52AE082D5DCD}.Release|x86.Build.0 = release|x64
		{F69AAABB-AEA7-31CE-89EA-52AE082D5DCD}.RelWithDebInfo|x64.ActiveCfg = release|x64
		{F69AAABB-AEA7-31CE-89EA-52AE082D5DCD}.RelWithDebInfo|x64.Build.0 = release|x64
		{F69AAABB-AEA7-31CE-89EA-52AE082D5DCD}.RelWithDebInfo|x86.ActiveCfg = release|x64
		{F69AAABB-AEA7-31CE-89EA-52AE082D5DCD}.RelWithDebInfo|x86.Build.0 = release|x64
		{D6B63801-8D1A-3394-84D9-6968A4294975}.checked|x64.ActiveCfg = checked|x64
		{D6B63801-8D1A-3394-84D9-6968A4294975}.checked|x64.Build.0 = checked|x64
		{D6B63801-8D1A-3394-84D9-6968A4294975}.checked|x86.ActiveCfg = checked|x64
		{D6B63801-8D1A-3394-84D9-6968A4294975}.checked|x86.Build.0 = checked|x64
		{D6B63801-8D1A-3394-84D9-6968A4294975}.Debug|x64.ActiveCfg = debug|x64
		{D6B63801-8D1A-3394-84D9-6968A4294975}.Debug|x64.Build.0 = debug|x64
		{D6B63801-8D1A-3394-84D9-6968A4294975}.Debug|x86.ActiveCfg = debug|x64
		{D6B63801-8D1A-3394-84D9-6968A4294975}.Debug|x86.Build.0 = debug|x64
		{D6B63801-8D1A-3394-84D9-6968A4294975}.MinSizeRel|x64.ActiveCfg = profile|x64
		{D6B63801-8D1A-3394-84D9-6968A4294975}.MinSizeRel|x64.Build.0 = profile|x64
		{D6B63801-8D1A-3394-84D9-6968A4294975}.MinSizeRel|x86.ActiveCfg = profile|x64
		{D6B63801-8D1A-3394-84D9-6968A4294975}.MinSizeRel|x86.Build.0 = profile|x64
		{D6B63801-8D1A-3394-84D9-6968A4294975}.profile|x64.ActiveCfg = profile|x64
		{D6B63801-8D1A-3394-84D9-6968A4294975}.profile|x64.Build.0 = profile|x64
		{D6B63801-8D1A-3394-84D9-6968A4294975}.profile|x86.ActiveCfg = profile|x64
		{D6B63801-8D1A-3394-84D9-6968A4294975}.profile|x86.Build.0 = profile|x64
		{D6B63801-8D1A-3394-84D9-6968A4294975}.Release|x64.ActiveCfg = release|x64
		{D6B63801-8D1A-3394-84D9-6968A4294975}.Release|x64.Build.0 = release|x64
		{D6B63801-8D1A-3394-84D9-6968A4294975}.Release|x86.ActiveCfg = release|x64
		{D6B63801-8D1A-3394-84D9-6968A4294975}.Release|x86.Build.0 = release|x64
		{D6B63801-8D1A-3394-84D9-6968A4294975}.RelWithDebInfo|x64.ActiveCfg = release|x64
		{D6B63801-8D1A-3394-84D9-6968A4294975}.RelWithDebInfo|x64.Build.0 = release|x64
		{D6B63801-8D1A-3394-84D9-6968A4294975}.RelWithDebInfo|x86.ActiveCfg = release|x64
		{D6B63801-8D1A-3394-84D9-6968A4294975}.RelWithDebInfo|x86.Build.0 = release|x64
		{EE2ABF44-9146-3001-972C-4F9B6DD2352C}.checked|x64.ActiveCfg = checked|x64
		{EE2ABF44-9146-3001-972C-4F9B6DD2352C}.checked|x64.Build.0 = checked|x64
		{EE2ABF44-9146-3001-972C-4F9B6DD2352C}.checked|x86.ActiveCfg = checked|x64
		{EE2ABF44-9146-3001-972C-4F9B6DD2352C}.checked|x86.Build.0 = checked|x64
		{EE2ABF44-9146-3001-972C-4F9B6DD2352C}.Debug|x64.ActiveCfg = debug|x64
		{EE2ABF44-9146-3001-972C-4F9B6DD2352C}.Debug|x64.Build.0 = debug|x64
		{EE2ABF44-9146-3001-972C-4F9B6DD2352C}.Debug|x86.ActiveCfg = debug|x64
		{EE2ABF44-9146-3001-972C-4F9B6DD2352C}.Debug|x86.Build.0 = debug|x64
		{EE2ABF44-9146-3001-972C-4F9B6DD2352C}.MinSizeRel|x64.ActiveCfg = profile|x64
		{EE2ABF44-9146-3001-972C-4F9B6DD2352C}.MinSizeRel|x64.Build.0 = profile|x64
		{EE2ABF44-9146-3001-972C-4F9B6DD2352C}.MinSizeRel|x86.ActiveCfg = profile|x64
		{EE2ABF44-9146-3001-972C-4F9B6DD2352C}.MinSizeRel|x86.Build.0 = profile|x64
		{EE2ABF44-9146-3001-972C-4F9B6DD2352C}.profile|x64.ActiveCfg = profile|x64
		{EE2ABF44-9146-3001-972C-4F9B6DD2352C}.profile|x64.Build.0 = profile|x64
		{EE2ABF44-9146-3001-972C-4F9B6DD2352C}.profile|x86.ActiveCfg = profile|x64
		{EE2ABF44-9146-3001-972C-4F9B6DD2352C}.profile|x86.Build.0 = profile|x64
		{EE2ABF44-9146-3001-972C-4F9B6DD2352C}.Release|x64.ActiveCfg = release|x64
		{EE2ABF44-9146-3001-972C-4F9B6DD2352C}.Release|x64.Build.0 = release|x64
		{EE2ABF44-9146-3001-972C-4F9B6DD2352C}.Release|x86.ActiveCfg = release|x64
		{EE2ABF44-9146-3001-972C-4F9B6DD2352C}.Release|x86.Build.0 = release|x64
		{EE2ABF44-9146-3001-972C-4F9B6DD2352C}.RelWithDebInfo|x64.ActiveCfg = release|x64
		{EE2ABF44-9146-3001-972C-4F9B6DD2352C}.RelWithDebInfo|x64.Build.0 = release|x64
		{EE2ABF44-9146-3001-972C-4F9B6DD2352C}.RelWithDebInfo|x86.ActiveCfg = release|x64
		{EE2ABF44-9146-3001-972C-4F9B6DD2352C}.RelWithDebInfo|x86.Build.0 = release|x64
	EndGlobalSection
	GlobalSection(SolutionProperties) = preSolution
		HideSolutionNode = FALSE
	EndGlobalSection
	GlobalSection(NestedProjects) = preSolution
		{249B9CE1-F2B9-3EF2-8747-80DE5A2E58D0} = {B0B8E8BE-6503-4F11-B568-A458F92397BE}
		{E45EC887-8677-330F-82CE-DC07DCEA4BDD} = {B0B8E8BE-6503-4F11-B568-A458F92397BE}
		{EAEC76AB-E6B6-3149-9AB9-E9C780EAF3B5} = {B0B8E8BE-6503-4F11-B568-A458F92397BE}
		{064F6FAD-E54A-3CE3-AAC5-4BE93F517912} = {B0B8E8BE-6503-4F11-B568-A458F92397BE}
		{B603F618-9AC5-3631-B0DF-AB61EB775923} = {B0B8E8BE-6503-4F11-B568-A458F92397BE}
		{56506BA1-7118-3890-8E17-07DE67CDDBE5} = {B0B8E8BE-6503-4F11-B568-A458F92397BE}
		{EA2A6333-74FA-3BD9-BB73-D73266E098D2} = {B0B8E8BE-6503-4F11-B568-A458F92397BE}
		{1D969C44-4C78-3576-8BB0-AE3F7C8CC633} = {B0B8E8BE-6503-4F11-B568-A458F92397BE}
		{FA3EE492-3FDA-3152-A465-4FA9E8BEC56F} = {B0B8E8BE-6503-4F11-B568-A458F92397BE}
		{09568289-C1E0-311F-AED9-3FB4F7380DF6} = {B0B8E8BE-6503-4F11-B568-A458F92397BE}
		{61DA5B08-FD7C-3F5E-8F2E-913D149554EB} = {B0B8E8BE-6503-4F11-B568-A458F92397BE}
		{A2488C2F-DD72-32C9-8807-4C550BEF8D7C} = {B0B8E8BE-6503-4F11-B568-A458F92397BE}
		{F69AAABB-AEA7-31CE-89EA-52AE082D5DCD} = {B0B8E8BE-6503-4F11-B568-A458F92397BE}
		{D6B63801-8D1A-3394-84D9-6968A4294975} = {B0B8E8BE-6503-4F11-B568-A458F92397BE}
		{EE2ABF44-9146-3001-972C-4F9B6DD2352C} = {B0B8E8BE-6503-4F11-B568-A458F92397BE}
	EndGlobalSection
	GlobalSection(ExtensibilityGlobals) = postSolution
		SolutionGuid = {F00629BA-CDFB-4E92-8C35-07376AD0A4D2}
	EndGlobalSection
EndGlobal
