
Microsoft Visual Studio Solution File, Format Version 12.00
# Visual Studio Version 17
VisualStudioVersion = 17.4.33213.308
MinimumVisualStudioVersion = 10.0.40219.1
Project("{8BC9CEB8-8B4A-11D0-8D11-00A0C91BC942}") = "NaiveOpenXrGame", "NaiveOpenXrGame\NaiveOpenXrGame.vcxproj", "{097BCE95-A9C7-4E15-BBAE-62E89A167A62}"
EndProject
Project("{8BC9CEB8-8B4A-11D0-8D11-00A0C91BC942}") = "openxr_loader", "..\..\..\..\..\OpenXR-SDK\win64\src\loader\openxr_loader.vcxproj", "{F284CFF0-AD5A-30B4-B78A-83CE9A8125D5}"
EndProject
Project("{2150E333-8FDC-42A3-9474-1A3956D46DE8}") = "PhysX", "PhysX", "{B0B8E8BE-6503-4F11-B568-A458F92397BE}"
EndProject
Project("{8BC9CEB8-8B4A-11D0-8D11-00A0C91BC942}") = "FastXml", "..\SDKs\PhysX\physx\compiler\vc17win64\sdk_source_bin\FastXml.vcxproj", "{BBE94119-8D1F-39BF-A691-1A2FAE30C29E}"
EndProject
Project("{8BC9CEB8-8B4A-11D0-8D11-00A0C91BC942}") = "LowLevel", "..\SDKs\PhysX\physx\compiler\vc17win64\sdk_source_bin\LowLevel.vcxproj", "{C576E6B2-7668-3FFB-86ED-C244CF23E2EC}"
EndProject
Project("{8BC9CEB8-8B4A-11D0-8D11-00A0C91BC942}") = "LowLevelAABB", "..\SDKs\PhysX\physx\compiler\vc17win64\sdk_source_bin\LowLevelAABB.vcxproj", "{72048B58-0DEF-350B-B2FA-20C89D9D92EE}"
EndProject
Project("{8BC9CEB8-8B4A-11D0-8D11-00A0C91BC942}") = "LowLevelDynamics", "..\SDKs\PhysX\physx\compiler\vc17win64\sdk_source_bin\LowLevelDynamics.vcxproj", "{068860DB-8AEE-39E6-8FF1-2987BAD42CDD}"
EndProject
Project("{8BC9CEB8-8B4A-11D0-8D11-00A0C91BC942}") = "PhysX", "..\SDKs\PhysX\physx\compiler\vc17win64\sdk_source_bin\PhysX.vcxproj", "{238BF3AA-D2E9-3E65-A373-6786B23914BD}"
EndProject
Project("{8BC9CEB8-8B4A-11D0-8D11-00A0C91BC942}") = "PhysXCharacterKinematic", "..\SDKs\PhysX\physx\compiler\vc17win64\sdk_source_bin\PhysXCharacterKinematic.vcxproj", "{6CFAD7D8-3199-3063-9F05-B07B2F0CA084}"
EndProject
Project("{8BC9CEB8-8B4A-11D0-8D11-00A0C91BC942}") = "PhysXCommon", "..\SDKs\PhysX\physx\compiler\vc17win64\sdk_source_bin\PhysXCommon.vcxproj", "{CD64D861-FEE7-387C-8EB7-D2B813C37E8C}"
EndProject
Project("{8BC9CEB8-8B4A-11D0-8D11-00A0C91BC942}") = "PhysXCooking", "..\SDKs\PhysX\physx\compiler\vc17win64\sdk_source_bin\PhysXCooking.vcxproj", "{93C28660-CC3D-38A3-B489-5061B208B806}"
EndProject
Project("{8BC9CEB8-8B4A-11D0-8D11-00A0C91BC942}") = "PhysXExtensions", "..\SDKs\PhysX\physx\compiler\vc17win64\sdk_source_bin\PhysXExtensions.vcxproj", "{92DE99B8-18CF-3FB4-BF35-C49E2C5033C6}"
EndProject
Project("{8BC9CEB8-8B4A-11D0-8D11-00A0C91BC942}") = "PhysXFoundation", "..\SDKs\PhysX\physx\compiler\vc17win64\sdk_source_bin\PhysXFoundation.vcxproj", "{4AF6F8A3-2D0C-360C-B1F4-6107657541BB}"
EndProject
Project("{8BC9CEB8-8B4A-11D0-8D11-00A0C91BC942}") = "PhysXTask", "..\SDKs\PhysX\physx\compiler\vc17win64\sdk_source_bin\PhysXTask.vcxproj", "{A8D4E404-B723-35E9-9725-52DA01A5F820}"
EndProject
Project("{8BC9CEB8-8B4A-11D0-8D11-00A0C91BC942}") = "PhysXVehicle", "..\SDKs\PhysX\physx\compiler\vc17win64\sdk_source_bin\PhysXVehicle.vcxproj", "{60D9869F-756E-33ED-AB24-6CEC143E7D5C}"
EndProject
Project("{8BC9CEB8-8B4A-11D0-8D11-00A0C91BC942}") = "PhysXVehicle2", "..\SDKs\PhysX\physx\compiler\vc17win64\sdk_source_bin\PhysXVehicle2.vcxproj", "{5F9EE3CE-24C5-37E0-A5F4-E7546355C0EB}"
EndProject
Project("{8BC9CEB8-8B4A-11D0-8D11-00A0C91BC942}") = "SceneQuery", "..\SDKs\PhysX\physx\compiler\vc17win64\sdk_source_bin\SceneQuery.vcxproj", "{541733D5-58CA-3AF5-8928-265D3D0BAA2E}"
EndProject
Project("{8BC9CEB8-8B4A-11D0-8D11-00A0C91BC942}") = "SimulationController", "..\SDKs\PhysX\physx\compiler\vc17win64\sdk_source_bin\SimulationController.vcxproj", "{E7D3BE3B-90C2-3817-955F-9D75DF855451}"
EndProject
Global
	GlobalSection(SolutionConfigurationPlatforms) = preSolution
		checked|x64 = checked|x64
		checked|x86 = checked|x86
		Debug|x64 = Debug|x64
		Debug|x86 = Debug|x86
		MinSizeRel|x64 = MinSizeRel|x64
		MinSizeRel|x86 = MinSizeRel|x86
		profile|x64 = profile|x64
		profile|x86 = profile|x86
		Release|x64 = Release|x64
		Release|x86 = Release|x86
		RelWithDebInfo|x64 = RelWithDebInfo|x64
		RelWithDebInfo|x86 = RelWithDebInfo|x86
	EndGlobalSection
	GlobalSection(ProjectConfigurationPlatforms) = postSolution
		{097BCE95-A9C7-4E15-BBAE-62E89A167A62}.checked|x64.ActiveCfg = Release|x64
		{097BCE95-A9C7-4E15-BBAE-62E89A167A62}.checked|x64.Build.0 = Release|x64
		{097BCE95-A9C7-4E15-BBAE-62E89A167A62}.checked|x86.ActiveCfg = Release|Win32
		{097BCE95-A9C7-4E15-BBAE-62E89A167A62}.checked|x86.Build.0 = Release|Win32
		{097BCE95-A9C7-4E15-BBAE-62E89A167A62}.Debug|x64.ActiveCfg = Debug|x64
		{097BCE95-A9C7-4E15-BBAE-62E89A167A62}.Debug|x64.Build.0 = Debug|x64
		{097BCE95-A9C7-4E15-BBAE-62E89A167A62}.Debug|x86.ActiveCfg = Debug|Win32
		{097BCE95-A9C7-4E15-BBAE-62E89A167A62}.Debug|x86.Build.0 = Debug|Win32
		{097BCE95-A9C7-4E15-BBAE-62E89A167A62}.MinSizeRel|x64.ActiveCfg = Release|x64
		{097BCE95-A9C7-4E15-BBAE-62E89A167A62}.MinSizeRel|x64.Build.0 = Release|x64
		{097BCE95-A9C7-4E15-BBAE-62E89A167A62}.MinSizeRel|x86.ActiveCfg = Release|Win32
		{097BCE95-A9C7-4E15-BBAE-62E89A167A62}.MinSizeRel|x86.Build.0 = Release|Win32
		{097BCE95-A9C7-4E15-BBAE-62E89A167A62}.profile|x64.ActiveCfg = Release|x64
		{097BCE95-A9C7-4E15-BBAE-62E89A167A62}.profile|x64.Build.0 = Release|x64
		{097BCE95-A9C7-4E15-BBAE-62E89A167A62}.profile|x86.ActiveCfg = Release|Win32
		{097BCE95-A9C7-4E15-BBAE-62E89A167A62}.profile|x86.Build.0 = Release|Win32
		{097BCE95-A9C7-4E15-BBAE-62E89A167A62}.Release|x64.ActiveCfg = Release|x64
		{097BCE95-A9C7-4E15-BBAE-62E89A167A62}.Release|x64.Build.0 = Release|x64
		{097BCE95-A9C7-4E15-BBAE-62E89A167A62}.Release|x86.ActiveCfg = Release|Win32
		{097BCE95-A9C7-4E15-BBAE-62E89A167A62}.Release|x86.Build.0 = Release|Win32
		{097BCE95-A9C7-4E15-BBAE-62E89A167A62}.RelWithDebInfo|x64.ActiveCfg = Release|x64
		{097BCE95-A9C7-4E15-BBAE-62E89A167A62}.RelWithDebInfo|x64.Build.0 = Release|x64
		{097BCE95-A9C7-4E15-BBAE-62E89A167A62}.RelWithDebInfo|x86.ActiveCfg = Release|Win32
		{097BCE95-A9C7-4E15-BBAE-62E89A167A62}.RelWithDebInfo|x86.Build.0 = Release|Win32
		{F284CFF0-AD5A-30B4-B78A-83CE9A8125D5}.checked|x64.ActiveCfg = RelWithDebInfo|x64
		{F284CFF0-AD5A-30B4-B78A-83CE9A8125D5}.checked|x64.Build.0 = RelWithDebInfo|x64
		{F284CFF0-AD5A-30B4-B78A-83CE9A8125D5}.checked|x86.ActiveCfg = RelWithDebInfo|x64
		{F284CFF0-AD5A-30B4-B78A-83CE9A8125D5}.checked|x86.Build.0 = RelWithDebInfo|x64
		{F284CFF0-AD5A-30B4-B78A-83CE9A8125D5}.Debug|x64.ActiveCfg = Debug|x64
		{F284CFF0-AD5A-30B4-B78A-83CE9A8125D5}.Debug|x64.Build.0 = Debug|x64
		{F284CFF0-AD5A-30B4-B78A-83CE9A8125D5}.Debug|x86.ActiveCfg = Debug|x64
		{F284CFF0-AD5A-30B4-B78A-83CE9A8125D5}.Debug|x86.Build.0 = Debug|x64
		{F284CFF0-AD5A-30B4-B78A-83CE9A8125D5}.MinSizeRel|x64.ActiveCfg = MinSizeRel|x64
		{F284CFF0-AD5A-30B4-B78A-83CE9A8125D5}.MinSizeRel|x64.Build.0 = MinSizeRel|x64
		{F284CFF0-AD5A-30B4-B78A-83CE9A8125D5}.MinSizeRel|x86.ActiveCfg = MinSizeRel|x64
		{F284CFF0-AD5A-30B4-B78A-83CE9A8125D5}.MinSizeRel|x86.Build.0 = MinSizeRel|x64
		{F284CFF0-AD5A-30B4-B78A-83CE9A8125D5}.profile|x64.ActiveCfg = RelWithDebInfo|x64
		{F284CFF0-AD5A-30B4-B78A-83CE9A8125D5}.profile|x64.Build.0 = RelWithDebInfo|x64
		{F284CFF0-AD5A-30B4-B78A-83CE9A8125D5}.profile|x86.ActiveCfg = RelWithDebInfo|x64
		{F284CFF0-AD5A-30B4-B78A-83CE9A8125D5}.profile|x86.Build.0 = RelWithDebInfo|x64
		{F284CFF0-AD5A-30B4-B78A-83CE9A8125D5}.Release|x64.ActiveCfg = Release|x64
		{F284CFF0-AD5A-30B4-B78A-83CE9A8125D5}.Release|x64.Build.0 = Release|x64
		{F284CFF0-AD5A-30B4-B78A-83CE9A8125D5}.Release|x86.ActiveCfg = Release|x64
		{F284CFF0-AD5A-30B4-B78A-83CE9A8125D5}.Release|x86.Build.0 = Release|x64
		{F284CFF0-AD5A-30B4-B78A-83CE9A8125D5}.RelWithDebInfo|x64.ActiveCfg = RelWithDebInfo|x64
		{F284CFF0-AD5A-30B4-B78A-83CE9A8125D5}.RelWithDebInfo|x64.Build.0 = RelWithDebInfo|x64
		{F284CFF0-AD5A-30B4-B78A-83CE9A8125D5}.RelWithDebInfo|x86.ActiveCfg = RelWithDebInfo|x64
		{F284CFF0-AD5A-30B4-B78A-83CE9A8125D5}.RelWithDebInfo|x86.Build.0 = RelWithDebInfo|x64
		{BBE94119-8D1F-39BF-A691-1A2FAE30C29E}.checked|x64.ActiveCfg = checked|x64
		{BBE94119-8D1F-39BF-A691-1A2FAE30C29E}.checked|x64.Build.0 = checked|x64
		{BBE94119-8D1F-39BF-A691-1A2FAE30C29E}.checked|x86.ActiveCfg = checked|x64
		{BBE94119-8D1F-39BF-A691-1A2FAE30C29E}.checked|x86.Build.0 = checked|x64
		{BBE94119-8D1F-39BF-A691-1A2FAE30C29E}.Debug|x64.ActiveCfg = debug|x64
		{BBE94119-8D1F-39BF-A691-1A2FAE30C29E}.Debug|x64.Build.0 = debug|x64
		{BBE94119-8D1F-39BF-A691-1A2FAE30C29E}.Debug|x86.ActiveCfg = debug|x64
		{BBE94119-8D1F-39BF-A691-1A2FAE30C29E}.Debug|x86.Build.0 = debug|x64
		{BBE94119-8D1F-39BF-A691-1A2FAE30C29E}.MinSizeRel|x64.ActiveCfg = profile|x64
		{BBE94119-8D1F-39BF-A691-1A2FAE30C29E}.MinSizeRel|x64.Build.0 = profile|x64
		{BBE94119-8D1F-39BF-A691-1A2FAE30C29E}.MinSizeRel|x86.ActiveCfg = profile|x64
		{BBE94119-8D1F-39BF-A691-1A2FAE30C29E}.MinSizeRel|x86.Build.0 = profile|x64
		{BBE94119-8D1F-39BF-A691-1A2FAE30C29E}.profile|x64.ActiveCfg = profile|x64
		{BBE94119-8D1F-39BF-A691-1A2FAE30C29E}.profile|x64.Build.0 = profile|x64
		{BBE94119-8D1F-39BF-A691-1A2FAE30C29E}.profile|x86.ActiveCfg = profile|x64
		{BBE94119-8D1F-39BF-A691-1A2FAE30C29E}.profile|x86.Build.0 = profile|x64
		{BBE94119-8D1F-39BF-A691-1A2FAE30C29E}.Release|x64.ActiveCfg = release|x64
		{BBE94119-8D1F-39BF-A691-1A2FAE30C29E}.Release|x64.Build.0 = release|x64
		{BBE94119-8D1F-39BF-A691-1A2FAE30C29E}.Release|x86.ActiveCfg = release|x64
		{BBE94119-8D1F-39BF-A691-1A2FAE30C29E}.Release|x86.Build.0 = release|x64
		{BBE94119-8D1F-39BF-A691-1A2FAE30C29E}.RelWithDebInfo|x64.ActiveCfg = release|x64
		{BBE94119-8D1F-39BF-A691-1A2FAE30C29E}.RelWithDebInfo|x64.Build.0 = release|x64
		{BBE94119-8D1F-39BF-A691-1A2FAE30C29E}.RelWithDebInfo|x86.ActiveCfg = release|x64
		{BBE94119-8D1F-39BF-A691-1A2FAE30C29E}.RelWithDebInfo|x86.Build.0 = release|x64
		{C576E6B2-7668-3FFB-86ED-C244CF23E2EC}.checked|x64.ActiveCfg = checked|x64
		{C576E6B2-7668-3FFB-86ED-C244CF23E2EC}.checked|x64.Build.0 = checked|x64
		{C576E6B2-7668-3FFB-86ED-C244CF23E2EC}.checked|x86.ActiveCfg = checked|x64
		{C576E6B2-7668-3FFB-86ED-C244CF23E2EC}.checked|x86.Build.0 = checked|x64
		{C576E6B2-7668-3FFB-86ED-C244CF23E2EC}.Debug|x64.ActiveCfg = debug|x64
		{C576E6B2-7668-3FFB-86ED-C244CF23E2EC}.Debug|x64.Build.0 = debug|x64
		{C576E6B2-7668-3FFB-86ED-C244CF23E2EC}.Debug|x86.ActiveCfg = debug|x64
		{C576E6B2-7668-3FFB-86ED-C244CF23E2EC}.Debug|x86.Build.0 = debug|x64
		{C576E6B2-7668-3FFB-86ED-C244CF23E2EC}.MinSizeRel|x64.ActiveCfg = profile|x64
		{C576E6B2-7668-3FFB-86ED-C244CF23E2EC}.MinSizeRel|x64.Build.0 = profile|x64
		{C576E6B2-7668-3FFB-86ED-C244CF23E2EC}.MinSizeRel|x86.ActiveCfg = profile|x64
		{C576E6B2-7668-3FFB-86ED-C244CF23E2EC}.MinSizeRel|x86.Build.0 = profile|x64
		{C576E6B2-7668-3FFB-86ED-C244CF23E2EC}.profile|x64.ActiveCfg = profile|x64
		{C576E6B2-7668-3FFB-86ED-C244CF23E2EC}.profile|x64.Build.0 = profile|x64
		{C576E6B2-7668-3FFB-86ED-C244CF23E2EC}.profile|x86.ActiveCfg = profile|x64
		{C576E6B2-7668-3FFB-86ED-C244CF23E2EC}.profile|x86.Build.0 = profile|x64
		{C576E6B2-7668-3FFB-86ED-C244CF23E2EC}.Release|x64.ActiveCfg = release|x64
		{C576E6B2-7668-3FFB-86ED-C244CF23E2EC}.Release|x64.Build.0 = release|x64
		{C576E6B2-7668-3FFB-86ED-C244CF23E2EC}.Release|x86.ActiveCfg = release|x64
		{C576E6B2-7668-3FFB-86ED-C244CF23E2EC}.Release|x86.Build.0 = release|x64
		{C576E6B2-7668-3FFB-86ED-C244CF23E2EC}.RelWithDebInfo|x64.ActiveCfg = release|x64
		{C576E6B2-7668-3FFB-86ED-C244CF23E2EC}.RelWithDebInfo|x64.Build.0 = release|x64
		{C576E6B2-7668-3FFB-86ED-C244CF23E2EC}.RelWithDebInfo|x86.ActiveCfg = release|x64
		{C576E6B2-7668-3FFB-86ED-C244CF23E2EC}.RelWithDebInfo|x86.Build.0 = release|x64
		{72048B58-0DEF-350B-B2FA-20C89D9D92EE}.checked|x64.ActiveCfg = checked|x64
		{72048B58-0DEF-350B-B2FA-20C89D9D92EE}.checked|x64.Build.0 = checked|x64
		{72048B58-0DEF-350B-B2FA-20C89D9D92EE}.checked|x86.ActiveCfg = checked|x64
		{72048B58-0DEF-350B-B2FA-20C89D9D92EE}.checked|x86.Build.0 = checked|x64
		{72048B58-0DEF-350B-B2FA-20C89D9D92EE}.Debug|x64.ActiveCfg = debug|x64
		{72048B58-0DEF-350B-B2FA-20C89D9D92EE}.Debug|x64.Build.0 = debug|x64
		{72048B58-0DEF-350B-B2FA-20C89D9D92EE}.Debug|x86.ActiveCfg = debug|x64
		{72048B58-0DEF-350B-B2FA-20C89D9D92EE}.Debug|x86.Build.0 = debug|x64
		{72048B58-0DEF-350B-B2FA-20C89D9D92EE}.MinSizeRel|x64.ActiveCfg = profile|x64
		{72048B58-0DEF-350B-B2FA-20C89D9D92EE}.MinSizeRel|x64.Build.0 = profile|x64
		{72048B58-0DEF-350B-B2FA-20C89D9D92EE}.MinSizeRel|x86.ActiveCfg = profile|x64
		{72048B58-0DEF-350B-B2FA-20C89D9D92EE}.MinSizeRel|x86.Build.0 = profile|x64
		{72048B58-0DEF-350B-B2FA-20C89D9D92EE}.profile|x64.ActiveCfg = profile|x64
		{72048B58-0DEF-350B-B2FA-20C89D9D92EE}.profile|x64.Build.0 = profile|x64
		{72048B58-0DEF-350B-B2FA-20C89D9D92EE}.profile|x86.ActiveCfg = profile|x64
		{72048B58-0DEF-350B-B2FA-20C89D9D92EE}.profile|x86.Build.0 = profile|x64
		{72048B58-0DEF-350B-B2FA-20C89D9D92EE}.Release|x64.ActiveCfg = release|x64
		{72048B58-0DEF-350B-B2FA-20C89D9D92EE}.Release|x64.Build.0 = release|x64
		{72048B58-0DEF-350B-B2FA-20C89D9D92EE}.Release|x86.ActiveCfg = release|x64
		{72048B58-0DEF-350B-B2FA-20C89D9D92EE}.Release|x86.Build.0 = release|x64
		{72048B58-0DEF-350B-B2FA-20C89D9D92EE}.RelWithDebInfo|x64.ActiveCfg = release|x64
		{72048B58-0DEF-350B-B2FA-20C89D9D92EE}.RelWithDebInfo|x64.Build.0 = release|x64
		{72048B58-0DEF-350B-B2FA-20C89D9D92EE}.RelWithDebInfo|x86.ActiveCfg = release|x64
		{72048B58-0DEF-350B-B2FA-20C89D9D92EE}.RelWithDebInfo|x86.Build.0 = release|x64
		{068860DB-8AEE-39E6-8FF1-2987BAD42CDD}.checked|x64.ActiveCfg = checked|x64
		{068860DB-8AEE-39E6-8FF1-2987BAD42CDD}.checked|x64.Build.0 = checked|x64
		{068860DB-8AEE-39E6-8FF1-2987BAD42CDD}.checked|x86.ActiveCfg = checked|x64
		{068860DB-8AEE-39E6-8FF1-2987BAD42CDD}.checked|x86.Build.0 = checked|x64
		{068860DB-8AEE-39E6-8FF1-2987BAD42CDD}.Debug|x64.ActiveCfg = debug|x64
		{068860DB-8AEE-39E6-8FF1-2987BAD42CDD}.Debug|x64.Build.0 = debug|x64
		{068860DB-8AEE-39E6-8FF1-2987BAD42CDD}.Debug|x86.ActiveCfg = debug|x64
		{068860DB-8AEE-39E6-8FF1-2987BAD42CDD}.Debug|x86.Build.0 = debug|x64
		{068860DB-8AEE-39E6-8FF1-2987BAD42CDD}.MinSizeRel|x64.ActiveCfg = profile|x64
		{068860DB-8AEE-39E6-8FF1-2987BAD42CDD}.MinSizeRel|x64.Build.0 = profile|x64
		{068860DB-8AEE-39E6-8FF1-2987BAD42CDD}.MinSizeRel|x86.ActiveCfg = profile|x64
		{068860DB-8AEE-39E6-8FF1-2987BAD42CDD}.MinSizeRel|x86.Build.0 = profile|x64
		{068860DB-8AEE-39E6-8FF1-2987BAD42CDD}.profile|x64.ActiveCfg = profile|x64
		{068860DB-8AEE-39E6-8FF1-2987BAD42CDD}.profile|x64.Build.0 = profile|x64
		{068860DB-8AEE-39E6-8FF1-2987BAD42CDD}.profile|x86.ActiveCfg = profile|x64
		{068860DB-8AEE-39E6-8FF1-2987BAD42CDD}.profile|x86.Build.0 = profile|x64
		{068860DB-8AEE-39E6-8FF1-2987BAD42CDD}.Release|x64.ActiveCfg = release|x64
		{068860DB-8AEE-39E6-8FF1-2987BAD42CDD}.Release|x64.Build.0 = release|x64
		{068860DB-8AEE-39E6-8FF1-2987BAD42CDD}.Release|x86.ActiveCfg = release|x64
		{068860DB-8AEE-39E6-8FF1-2987BAD42CDD}.Release|x86.Build.0 = release|x64
		{068860DB-8AEE-39E6-8FF1-2987BAD42CDD}.RelWithDebInfo|x64.ActiveCfg = release|x64
		{068860DB-8AEE-39E6-8FF1-2987BAD42CDD}.RelWithDebInfo|x64.Build.0 = release|x64
		{068860DB-8AEE-39E6-8FF1-2987BAD42CDD}.RelWithDebInfo|x86.ActiveCfg = release|x64
		{068860DB-8AEE-39E6-8FF1-2987BAD42CDD}.RelWithDebInfo|x86.Build.0 = release|x64
		{238BF3AA-D2E9-3E65-A373-6786B23914BD}.checked|x64.ActiveCfg = checked|x64
		{238BF3AA-D2E9-3E65-A373-6786B23914BD}.checked|x64.Build.0 = checked|x64
		{238BF3AA-D2E9-3E65-A373-6786B23914BD}.checked|x86.ActiveCfg = checked|x64
		{238BF3AA-D2E9-3E65-A373-6786B23914BD}.checked|x86.Build.0 = checked|x64
		{238BF3AA-D2E9-3E65-A373-6786B23914BD}.Debug|x64.ActiveCfg = debug|x64
		{238BF3AA-D2E9-3E65-A373-6786B23914BD}.Debug|x64.Build.0 = debug|x64
		{238BF3AA-D2E9-3E65-A373-6786B23914BD}.Debug|x86.ActiveCfg = debug|x64
		{238BF3AA-D2E9-3E65-A373-6786B23914BD}.Debug|x86.Build.0 = debug|x64
		{238BF3AA-D2E9-3E65-A373-6786B23914BD}.MinSizeRel|x64.ActiveCfg = profile|x64
		{238BF3AA-D2E9-3E65-A373-6786B23914BD}.MinSizeRel|x64.Build.0 = profile|x64
		{238BF3AA-D2E9-3E65-A373-6786B23914BD}.MinSizeRel|x86.ActiveCfg = profile|x64
		{238BF3AA-D2E9-3E65-A373-6786B23914BD}.MinSizeRel|x86.Build.0 = profile|x64
		{238BF3AA-D2E9-3E65-A373-6786B23914BD}.profile|x64.ActiveCfg = profile|x64
		{238BF3AA-D2E9-3E65-A373-6786B23914BD}.profile|x64.Build.0 = profile|x64
		{238BF3AA-D2E9-3E65-A373-6786B23914BD}.profile|x86.ActiveCfg = profile|x64
		{238BF3AA-D2E9-3E65-A373-6786B23914BD}.profile|x86.Build.0 = profile|x64
		{238BF3AA-D2E9-3E65-A373-6786B23914BD}.Release|x64.ActiveCfg = release|x64
		{238BF3AA-D2E9-3E65-A373-6786B23914BD}.Release|x64.Build.0 = release|x64
		{238BF3AA-D2E9-3E65-A373-6786B23914BD}.Release|x86.ActiveCfg = release|x64
		{238BF3AA-D2E9-3E65-A373-6786B23914BD}.Release|x86.Build.0 = release|x64
		{238BF3AA-D2E9-3E65-A373-6786B23914BD}.RelWithDebInfo|x64.ActiveCfg = release|x64
		{238BF3AA-D2E9-3E65-A373-6786B23914BD}.RelWithDebInfo|x64.Build.0 = release|x64
		{238BF3AA-D2E9-3E65-A373-6786B23914BD}.RelWithDebInfo|x86.ActiveCfg = release|x64
		{238BF3AA-D2E9-3E65-A373-6786B23914BD}.RelWithDebInfo|x86.Build.0 = release|x64
		{6CFAD7D8-3199-3063-9F05-B07B2F0CA084}.checked|x64.ActiveCfg = checked|x64
		{6CFAD7D8-3199-3063-9F05-B07B2F0CA084}.checked|x64.Build.0 = checked|x64
		{6CFAD7D8-3199-3063-9F05-B07B2F0CA084}.checked|x86.ActiveCfg = checked|x64
		{6CFAD7D8-3199-3063-9F05-B07B2F0CA084}.checked|x86.Build.0 = checked|x64
		{6CFAD7D8-3199-3063-9F05-B07B2F0CA084}.Debug|x64.ActiveCfg = debug|x64
		{6CFAD7D8-3199-3063-9F05-B07B2F0CA084}.Debug|x64.Build.0 = debug|x64
		{6CFAD7D8-3199-3063-9F05-B07B2F0CA084}.Debug|x86.ActiveCfg = debug|x64
		{6CFAD7D8-3199-3063-9F05-B07B2F0CA084}.Debug|x86.Build.0 = debug|x64
		{6CFAD7D8-3199-3063-9F05-B07B2F0CA084}.MinSizeRel|x64.ActiveCfg = profile|x64
		{6CFAD7D8-3199-3063-9F05-B07B2F0CA084}.MinSizeRel|x64.Build.0 = profile|x64
		{6CFAD7D8-3199-3063-9F05-B07B2F0CA084}.MinSizeRel|x86.ActiveCfg = profile|x64
		{6CFAD7D8-3199-3063-9F05-B07B2F0CA084}.MinSizeRel|x86.Build.0 = profile|x64
		{6CFAD7D8-3199-3063-9F05-B07B2F0CA084}.profile|x64.ActiveCfg = profile|x64
		{6CFAD7D8-3199-3063-9F05-B07B2F0CA084}.profile|x64.Build.0 = profile|x64
		{6CFAD7D8-3199-3063-9F05-B07B2F0CA084}.profile|x86.ActiveCfg = profile|x64
		{6CFAD7D8-3199-3063-9F05-B07B2F0CA084}.profile|x86.Build.0 = profile|x64
		{6CFAD7D8-3199-3063-9F05-B07B2F0CA084}.Release|x64.ActiveCfg = release|x64
		{6CFAD7D8-3199-3063-9F05-B07B2F0CA084}.Release|x64.Build.0 = release|x64
		{6CFAD7D8-3199-3063-9F05-B07B2F0CA084}.Release|x86.ActiveCfg = release|x64
		{6CFAD7D8-3199-3063-9F05-B07B2F0CA084}.Release|x86.Build.0 = release|x64
		{6CFAD7D8-3199-3063-9F05-B07B2F0CA084}.RelWithDebInfo|x64.ActiveCfg = release|x64
		{6CFAD7D8-3199-3063-9F05-B07B2F0CA084}.RelWithDebInfo|x64.Build.0 = release|x64
		{6CFAD7D8-3199-3063-9F05-B07B2F0CA084}.RelWithDebInfo|x86.ActiveCfg = release|x64
		{6CFAD7D8-3199-3063-9F05-B07B2F0CA084}.RelWithDebInfo|x86.Build.0 = release|x64
		{CD64D861-FEE7-387C-8EB7-D2B813C37E8C}.checked|x64.ActiveCfg = checked|x64
		{CD64D861-FEE7-387C-8EB7-D2B813C37E8C}.checked|x64.Build.0 = checked|x64
		{CD64D861-FEE7-387C-8EB7-D2B813C37E8C}.checked|x86.ActiveCfg = checked|x64
		{CD64D861-FEE7-387C-8EB7-D2B813C37E8C}.checked|x86.Build.0 = checked|x64
		{CD64D861-FEE7-387C-8EB7-D2B813C37E8C}.Debug|x64.ActiveCfg = debug|x64
		{CD64D861-FEE7-387C-8EB7-D2B813C37E8C}.Debug|x64.Build.0 = debug|x64
		{CD64D861-FEE7-387C-8EB7-D2B813C37E8C}.Debug|x86.ActiveCfg = debug|x64
		{CD64D861-FEE7-387C-8EB7-D2B813C37E8C}.Debug|x86.Build.0 = debug|x64
		{CD64D861-FEE7-387C-8EB7-D2B813C37E8C}.MinSizeRel|x64.ActiveCfg = profile|x64
		{CD64D861-FEE7-387C-8EB7-D2B813C37E8C}.MinSizeRel|x64.Build.0 = profile|x64
		{CD64D861-FEE7-387C-8EB7-D2B813C37E8C}.MinSizeRel|x86.ActiveCfg = profile|x64
		{CD64D861-FEE7-387C-8EB7-D2B813C37E8C}.MinSizeRel|x86.Build.0 = profile|x64
		{CD64D861-FEE7-387C-8EB7-D2B813C37E8C}.profile|x64.ActiveCfg = profile|x64
		{CD64D861-FEE7-387C-8EB7-D2B813C37E8C}.profile|x64.Build.0 = profile|x64
		{CD64D861-FEE7-387C-8EB7-D2B813C37E8C}.profile|x86.ActiveCfg = profile|x64
		{CD64D861-FEE7-387C-8EB7-D2B813C37E8C}.profile|x86.Build.0 = profile|x64
		{CD64D861-FEE7-387C-8EB7-D2B813C37E8C}.Release|x64.ActiveCfg = release|x64
		{CD64D861-FEE7-387C-8EB7-D2B813C37E8C}.Release|x64.Build.0 = release|x64
		{CD64D861-FEE7-387C-8EB7-D2B813C37E8C}.Release|x86.ActiveCfg = release|x64
		{CD64D861-FEE7-387C-8EB7-D2B813C37E8C}.Release|x86.Build.0 = release|x64
		{CD64D861-FEE7-387C-8EB7-D2B813C37E8C}.RelWithDebInfo|x64.ActiveCfg = release|x64
		{CD64D861-FEE7-387C-8EB7-D2B813C37E8C}.RelWithDebInfo|x64.Build.0 = release|x64
		{CD64D861-FEE7-387C-8EB7-D2B813C37E8C}.RelWithDebInfo|x86.ActiveCfg = release|x64
		{CD64D861-FEE7-387C-8EB7-D2B813C37E8C}.RelWithDebInfo|x86.Build.0 = release|x64
		{93C28660-CC3D-38A3-B489-5061B208B806}.checked|x64.ActiveCfg = checked|x64
		{93C28660-CC3D-38A3-B489-5061B208B806}.checked|x64.Build.0 = checked|x64
		{93C28660-CC3D-38A3-B489-5061B208B806}.checked|x86.ActiveCfg = checked|x64
		{93C28660-CC3D-38A3-B489-5061B208B806}.checked|x86.Build.0 = checked|x64
		{93C28660-CC3D-38A3-B489-5061B208B806}.Debug|x64.ActiveCfg = debug|x64
		{93C28660-CC3D-38A3-B489-5061B208B806}.Debug|x64.Build.0 = debug|x64
		{93C28660-CC3D-38A3-B489-5061B208B806}.Debug|x86.ActiveCfg = debug|x64
		{93C28660-CC3D-38A3-B489-5061B208B806}.Debug|x86.Build.0 = debug|x64
		{93C28660-CC3D-38A3-B489-5061B208B806}.MinSizeRel|x64.ActiveCfg = profile|x64
		{93C28660-CC3D-38A3-B489-5061B208B806}.MinSizeRel|x64.Build.0 = profile|x64
		{93C28660-CC3D-38A3-B489-5061B208B806}.MinSizeRel|x86.ActiveCfg = profile|x64
		{93C28660-CC3D-38A3-B489-5061B208B806}.MinSizeRel|x86.Build.0 = profile|x64
		{93C28660-CC3D-38A3-B489-5061B208B806}.profile|x64.ActiveCfg = profile|x64
		{93C28660-CC3D-38A3-B489-5061B208B806}.profile|x64.Build.0 = profile|x64
		{93C28660-CC3D-38A3-B489-5061B208B806}.profile|x86.ActiveCfg = profile|x64
		{93C28660-CC3D-38A3-B489-5061B208B806}.profile|x86.Build.0 = profile|x64
		{93C28660-CC3D-38A3-B489-5061B208B806}.Release|x64.ActiveCfg = release|x64
		{93C28660-CC3D-38A3-B489-5061B208B806}.Release|x64.Build.0 = release|x64
		{93C28660-CC3D-38A3-B489-5061B208B806}.Release|x86.ActiveCfg = release|x64
		{93C28660-CC3D-38A3-B489-5061B208B806}.Release|x86.Build.0 = release|x64
		{93C28660-CC3D-38A3-B489-5061B208B806}.RelWithDebInfo|x64.ActiveCfg = release|x64
		{93C28660-CC3D-38A3-B489-5061B208B806}.RelWithDebInfo|x64.Build.0 = release|x64
		{93C28660-CC3D-38A3-B489-5061B208B806}.RelWithDebInfo|x86.ActiveCfg = release|x64
		{93C28660-CC3D-38A3-B489-5061B208B806}.RelWithDebInfo|x86.Build.0 = release|x64
		{92DE99B8-18CF-3FB4-BF35-C49E2C5033C6}.checked|x64.ActiveCfg = checked|x64
		{92DE99B8-18CF-3FB4-BF35-C49E2C5033C6}.checked|x64.Build.0 = checked|x64
		{92DE99B8-18CF-3FB4-BF35-C49E2C5033C6}.checked|x86.ActiveCfg = checked|x64
		{92DE99B8-18CF-3FB4-BF35-C49E2C5033C6}.checked|x86.Build.0 = checked|x64
		{92DE99B8-18CF-3FB4-BF35-C49E2C5033C6}.Debug|x64.ActiveCfg = debug|x64
		{92DE99B8-18CF-3FB4-BF35-C49E2C5033C6}.Debug|x64.Build.0 = debug|x64
		{92DE99B8-18CF-3FB4-BF35-C49E2C5033C6}.Debug|x86.ActiveCfg = debug|x64
		{92DE99B8-18CF-3FB4-BF35-C49E2C5033C6}.Debug|x86.Build.0 = debug|x64
		{92DE99B8-18CF-3FB4-BF35-C49E2C5033C6}.MinSizeRel|x64.ActiveCfg = profile|x64
		{92DE99B8-18CF-3FB4-BF35-C49E2C5033C6}.MinSizeRel|x64.Build.0 = profile|x64
		{92DE99B8-18CF-3FB4-BF35-C49E2C5033C6}.MinSizeRel|x86.ActiveCfg = profile|x64
		{92DE99B8-18CF-3FB4-BF35-C49E2C5033C6}.MinSizeRel|x86.Build.0 = profile|x64
		{92DE99B8-18CF-3FB4-BF35-C49E2C5033C6}.profile|x64.ActiveCfg = profile|x64
		{92DE99B8-18CF-3FB4-BF35-C49E2C5033C6}.profile|x64.Build.0 = profile|x64
		{92DE99B8-18CF-3FB4-BF35-C49E2C5033C6}.profile|x86.ActiveCfg = profile|x64
		{92DE99B8-18CF-3FB4-BF35-C49E2C5033C6}.profile|x86.Build.0 = profile|x64
		{92DE99B8-18CF-3FB4-BF35-C49E2C5033C6}.Release|x64.ActiveCfg = release|x64
		{92DE99B8-18CF-3FB4-BF35-C49E2C5033C6}.Release|x64.Build.0 = release|x64
		{92DE99B8-18CF-3FB4-BF35-C49E2C5033C6}.Release|x86.ActiveCfg = release|x64
		{92DE99B8-18CF-3FB4-BF35-C49E2C5033C6}.Release|x86.Build.0 = release|x64
		{92DE99B8-18CF-3FB4-BF35-C49E2C5033C6}.RelWithDebInfo|x64.ActiveCfg = release|x64
		{92DE99B8-18CF-3FB4-BF35-C49E2C5033C6}.RelWithDebInfo|x64.Build.0 = release|x64
		{92DE99B8-18CF-3FB4-BF35-C49E2C5033C6}.RelWithDebInfo|x86.ActiveCfg = release|x64
		{92DE99B8-18CF-3FB4-BF35-C49E2C5033C6}.RelWithDebInfo|x86.Build.0 = release|x64
		{4AF6F8A3-2D0C-360C-B1F4-6107657541BB}.checked|x64.ActiveCfg = checked|x64
		{4AF6F8A3-2D0C-360C-B1F4-6107657541BB}.checked|x64.Build.0 = checked|x64
		{4AF6F8A3-2D0C-360C-B1F4-6107657541BB}.checked|x86.ActiveCfg = checked|x64
		{4AF6F8A3-2D0C-360C-B1F4-6107657541BB}.checked|x86.Build.0 = checked|x64
		{4AF6F8A3-2D0C-360C-B1F4-6107657541BB}.Debug|x64.ActiveCfg = debug|x64
		{4AF6F8A3-2D0C-360C-B1F4-6107657541BB}.Debug|x64.Build.0 = debug|x64
		{4AF6F8A3-2D0C-360C-B1F4-6107657541BB}.Debug|x86.ActiveCfg = debug|x64
		{4AF6F8A3-2D0C-360C-B1F4-6107657541BB}.Debug|x86.Build.0 = debug|x64
		{4AF6F8A3-2D0C-360C-B1F4-6107657541BB}.MinSizeRel|x64.ActiveCfg = profile|x64
		{4AF6F8A3-2D0C-360C-B1F4-6107657541BB}.MinSizeRel|x64.Build.0 = profile|x64
		{4AF6F8A3-2D0C-360C-B1F4-6107657541BB}.MinSizeRel|x86.ActiveCfg = profile|x64
		{4AF6F8A3-2D0C-360C-B1F4-6107657541BB}.MinSizeRel|x86.Build.0 = profile|x64
		{4AF6F8A3-2D0C-360C-B1F4-6107657541BB}.profile|x64.ActiveCfg = profile|x64
		{4AF6F8A3-2D0C-360C-B1F4-6107657541BB}.profile|x64.Build.0 = profile|x64
		{4AF6F8A3-2D0C-360C-B1F4-6107657541BB}.profile|x86.ActiveCfg = profile|x64
		{4AF6F8A3-2D0C-360C-B1F4-6107657541BB}.profile|x86.Build.0 = profile|x64
		{4AF6F8A3-2D0C-360C-B1F4-6107657541BB}.Release|x64.ActiveCfg = release|x64
		{4AF6F8A3-2D0C-360C-B1F4-6107657541BB}.Release|x64.Build.0 = release|x64
		{4AF6F8A3-2D0C-360C-B1F4-6107657541BB}.Release|x86.ActiveCfg = release|x64
		{4AF6F8A3-2D0C-360C-B1F4-6107657541BB}.Release|x86.Build.0 = release|x64
		{4AF6F8A3-2D0C-360C-B1F4-6107657541BB}.RelWithDebInfo|x64.ActiveCfg = release|x64
		{4AF6F8A3-2D0C-360C-B1F4-6107657541BB}.RelWithDebInfo|x64.Build.0 = release|x64
		{4AF6F8A3-2D0C-360C-B1F4-6107657541BB}.RelWithDebInfo|x86.ActiveCfg = release|x64
		{4AF6F8A3-2D0C-360C-B1F4-6107657541BB}.RelWithDebInfo|x86.Build.0 = release|x64
		{A8D4E404-B723-35E9-9725-52DA01A5F820}.checked|x64.ActiveCfg = checked|x64
		{A8D4E404-B723-35E9-9725-52DA01A5F820}.checked|x64.Build.0 = checked|x64
		{A8D4E404-B723-35E9-9725-52DA01A5F820}.checked|x86.ActiveCfg = checked|x64
		{A8D4E404-B723-35E9-9725-52DA01A5F820}.checked|x86.Build.0 = checked|x64
		{A8D4E404-B723-35E9-9725-52DA01A5F820}.Debug|x64.ActiveCfg = debug|x64
		{A8D4E404-B723-35E9-9725-52DA01A5F820}.Debug|x64.Build.0 = debug|x64
		{A8D4E404-B723-35E9-9725-52DA01A5F820}.Debug|x86.ActiveCfg = debug|x64
		{A8D4E404-B723-35E9-9725-52DA01A5F820}.Debug|x86.Build.0 = debug|x64
		{A8D4E404-B723-35E9-9725-52DA01A5F820}.MinSizeRel|x64.ActiveCfg = profile|x64
		{A8D4E404-B723-35E9-9725-52DA01A5F820}.MinSizeRel|x64.Build.0 = profile|x64
		{A8D4E404-B723-35E9-9725-52DA01A5F820}.MinSizeRel|x86.ActiveCfg = profile|x64
		{A8D4E404-B723-35E9-9725-52DA01A5F820}.MinSizeRel|x86.Build.0 = profile|x64
		{A8D4E404-B723-35E9-9725-52DA01A5F820}.profile|x64.ActiveCfg = profile|x64
		{A8D4E404-B723-35E9-9725-52DA01A5F820}.profile|x64.Build.0 = profile|x64
		{A8D4E404-B723-35E9-9725-52DA01A5F820}.profile|x86.ActiveCfg = profile|x64
		{A8D4E404-B723-35E9-9725-52DA01A5F820}.profile|x86.Build.0 = profile|x64
		{A8D4E404-B723-35E9-9725-52DA01A5F820}.Release|x64.ActiveCfg = release|x64
		{A8D4E404-B723-35E9-9725-52DA01A5F820}.Release|x64.Build.0 = release|x64
		{A8D4E404-B723-35E9-9725-52DA01A5F820}.Release|x86.ActiveCfg = release|x64
		{A8D4E404-B723-35E9-9725-52DA01A5F820}.Release|x86.Build.0 = release|x64
		{A8D4E404-B723-35E9-9725-52DA01A5F820}.RelWithDebInfo|x64.ActiveCfg = release|x64
		{A8D4E404-B723-35E9-9725-52DA01A5F820}.RelWithDebInfo|x64.Build.0 = release|x64
		{A8D4E404-B723-35E9-9725-52DA01A5F820}.RelWithDebInfo|x86.ActiveCfg = release|x64
		{A8D4E404-B723-35E9-9725-52DA01A5F820}.RelWithDebInfo|x86.Build.0 = release|x64
		{60D9869F-756E-33ED-AB24-6CEC143E7D5C}.checked|x64.ActiveCfg = checked|x64
		{60D9869F-756E-33ED-AB24-6CEC143E7D5C}.checked|x64.Build.0 = checked|x64
		{60D9869F-756E-33ED-AB24-6CEC143E7D5C}.checked|x86.ActiveCfg = checked|x64
		{60D9869F-756E-33ED-AB24-6CEC143E7D5C}.checked|x86.Build.0 = checked|x64
		{60D9869F-756E-33ED-AB24-6CEC143E7D5C}.Debug|x64.ActiveCfg = debug|x64
		{60D9869F-756E-33ED-AB24-6CEC143E7D5C}.Debug|x64.Build.0 = debug|x64
		{60D9869F-756E-33ED-AB24-6CEC143E7D5C}.Debug|x86.ActiveCfg = debug|x64
		{60D9869F-756E-33ED-AB24-6CEC143E7D5C}.Debug|x86.Build.0 = debug|x64
		{60D9869F-756E-33ED-AB24-6CEC143E7D5C}.MinSizeRel|x64.ActiveCfg = profile|x64
		{60D9869F-756E-33ED-AB24-6CEC143E7D5C}.MinSizeRel|x64.Build.0 = profile|x64
		{60D9869F-756E-33ED-AB24-6CEC143E7D5C}.MinSizeRel|x86.ActiveCfg = profile|x64
		{60D9869F-756E-33ED-AB24-6CEC143E7D5C}.MinSizeRel|x86.Build.0 = profile|x64
		{60D9869F-756E-33ED-AB24-6CEC143E7D5C}.profile|x64.ActiveCfg = profile|x64
		{60D9869F-756E-33ED-AB24-6CEC143E7D5C}.profile|x64.Build.0 = profile|x64
		{60D9869F-756E-33ED-AB24-6CEC143E7D5C}.profile|x86.ActiveCfg = profile|x64
		{60D9869F-756E-33ED-AB24-6CEC143E7D5C}.profile|x86.Build.0 = profile|x64
		{60D9869F-756E-33ED-AB24-6CEC143E7D5C}.Release|x64.ActiveCfg = release|x64
		{60D9869F-756E-33ED-AB24-6CEC143E7D5C}.Release|x64.Build.0 = release|x64
		{60D9869F-756E-33ED-AB24-6CEC143E7D5C}.Release|x86.ActiveCfg = release|x64
		{60D9869F-756E-33ED-AB24-6CEC143E7D5C}.Release|x86.Build.0 = release|x64
		{60D9869F-756E-33ED-AB24-6CEC143E7D5C}.RelWithDebInfo|x64.ActiveCfg = release|x64
		{60D9869F-756E-33ED-AB24-6CEC143E7D5C}.RelWithDebInfo|x64.Build.0 = release|x64
		{60D9869F-756E-33ED-AB24-6CEC143E7D5C}.RelWithDebInfo|x86.ActiveCfg = release|x64
		{60D9869F-756E-33ED-AB24-6CEC143E7D5C}.RelWithDebInfo|x86.Build.0 = release|x64
		{5F9EE3CE-24C5-37E0-A5F4-E7546355C0EB}.checked|x64.ActiveCfg = checked|x64
		{5F9EE3CE-24C5-37E0-A5F4-E7546355C0EB}.checked|x64.Build.0 = checked|x64
		{5F9EE3CE-24C5-37E0-A5F4-E7546355C0EB}.checked|x86.ActiveCfg = checked|x64
		{5F9EE3CE-24C5-37E0-A5F4-E7546355C0EB}.checked|x86.Build.0 = checked|x64
		{5F9EE3CE-24C5-37E0-A5F4-E7546355C0EB}.Debug|x64.ActiveCfg = debug|x64
		{5F9EE3CE-24C5-37E0-A5F4-E7546355C0EB}.Debug|x64.Build.0 = debug|x64
		{5F9EE3CE-24C5-37E0-A5F4-E7546355C0EB}.Debug|x86.ActiveCfg = debug|x64
		{5F9EE3CE-24C5-37E0-A5F4-E7546355C0EB}.Debug|x86.Build.0 = debug|x64
		{5F9EE3CE-24C5-37E0-A5F4-E7546355C0EB}.MinSizeRel|x64.ActiveCfg = profile|x64
		{5F9EE3CE-24C5-37E0-A5F4-E7546355C0EB}.MinSizeRel|x64.Build.0 = profile|x64
		{5F9EE3CE-24C5-37E0-A5F4-E7546355C0EB}.MinSizeRel|x86.ActiveCfg = profile|x64
		{5F9EE3CE-24C5-37E0-A5F4-E7546355C0EB}.MinSizeRel|x86.Build.0 = profile|x64
		{5F9EE3CE-24C5-37E0-A5F4-E7546355C0EB}.profile|x64.ActiveCfg = profile|x64
		{5F9EE3CE-24C5-37E0-A5F4-E7546355C0EB}.profile|x64.Build.0 = profile|x64
		{5F9EE3CE-24C5-37E0-A5F4-E7546355C0EB}.profile|x86.ActiveCfg = profile|x64
		{5F9EE3CE-24C5-37E0-A5F4-E7546355C0EB}.profile|x86.Build.0 = profile|x64
		{5F9EE3CE-24C5-37E0-A5F4-E7546355C0EB}.Release|x64.ActiveCfg = release|x64
		{5F9EE3CE-24C5-37E0-A5F4-E7546355C0EB}.Release|x64.Build.0 = release|x64
		{5F9EE3CE-24C5-37E0-A5F4-E7546355C0EB}.Release|x86.ActiveCfg = release|x64
		{5F9EE3CE-24C5-37E0-A5F4-E7546355C0EB}.Release|x86.Build.0 = release|x64
		{5F9EE3CE-24C5-37E0-A5F4-E7546355C0EB}.RelWithDebInfo|x64.ActiveCfg = release|x64
		{5F9EE3CE-24C5-37E0-A5F4-E7546355C0EB}.RelWithDebInfo|x64.Build.0 = release|x64
		{5F9EE3CE-24C5-37E0-A5F4-E7546355C0EB}.RelWithDebInfo|x86.ActiveCfg = release|x64
		{5F9EE3CE-24C5-37E0-A5F4-E7546355C0EB}.RelWithDebInfo|x86.Build.0 = release|x64
		{541733D5-58CA-3AF5-8928-265D3D0BAA2E}.checked|x64.ActiveCfg = checked|x64
		{541733D5-58CA-3AF5-8928-265D3D0BAA2E}.checked|x64.Build.0 = checked|x64
		{541733D5-58CA-3AF5-8928-265D3D0BAA2E}.checked|x86.ActiveCfg = checked|x64
		{541733D5-58CA-3AF5-8928-265D3D0BAA2E}.checked|x86.Build.0 = checked|x64
		{541733D5-58CA-3AF5-8928-265D3D0BAA2E}.Debug|x64.ActiveCfg = debug|x64
		{541733D5-58CA-3AF5-8928-265D3D0BAA2E}.Debug|x64.Build.0 = debug|x64
		{541733D5-58CA-3AF5-8928-265D3D0BAA2E}.Debug|x86.ActiveCfg = debug|x64
		{541733D5-58CA-3AF5-8928-265D3D0BAA2E}.Debug|x86.Build.0 = debug|x64
		{541733D5-58CA-3AF5-8928-265D3D0BAA2E}.MinSizeRel|x64.ActiveCfg = profile|x64
		{541733D5-58CA-3AF5-8928-265D3D0BAA2E}.MinSizeRel|x64.Build.0 = profile|x64
		{541733D5-58CA-3AF5-8928-265D3D0BAA2E}.MinSizeRel|x86.ActiveCfg = profile|x64
		{541733D5-58CA-3AF5-8928-265D3D0BAA2E}.MinSizeRel|x86.Build.0 = profile|x64
		{541733D5-58CA-3AF5-8928-265D3D0BAA2E}.profile|x64.ActiveCfg = profile|x64
		{541733D5-58CA-3AF5-8928-265D3D0BAA2E}.profile|x64.Build.0 = profile|x64
		{541733D5-58CA-3AF5-8928-265D3D0BAA2E}.profile|x86.ActiveCfg = profile|x64
		{541733D5-58CA-3AF5-8928-265D3D0BAA2E}.profile|x86.Build.0 = profile|x64
		{541733D5-58CA-3AF5-8928-265D3D0BAA2E}.Release|x64.ActiveCfg = release|x64
		{541733D5-58CA-3AF5-8928-265D3D0BAA2E}.Release|x64.Build.0 = release|x64
		{541733D5-58CA-3AF5-8928-265D3D0BAA2E}.Release|x86.ActiveCfg = release|x64
		{541733D5-58CA-3AF5-8928-265D3D0BAA2E}.Release|x86.Build.0 = release|x64
		{541733D5-58CA-3AF5-8928-265D3D0BAA2E}.RelWithDebInfo|x64.ActiveCfg = release|x64
		{541733D5-58CA-3AF5-8928-265D3D0BAA2E}.RelWithDebInfo|x64.Build.0 = release|x64
		{541733D5-58CA-3AF5-8928-265D3D0BAA2E}.RelWithDebInfo|x86.ActiveCfg = release|x64
		{541733D5-58CA-3AF5-8928-265D3D0BAA2E}.RelWithDebInfo|x86.Build.0 = release|x64
		{E7D3BE3B-90C2-3817-955F-9D75DF855451}.checked|x64.ActiveCfg = checked|x64
		{E7D3BE3B-90C2-3817-955F-9D75DF855451}.checked|x64.Build.0 = checked|x64
		{E7D3BE3B-90C2-3817-955F-9D75DF855451}.checked|x86.ActiveCfg = checked|x64
		{E7D3BE3B-90C2-3817-955F-9D75DF855451}.checked|x86.Build.0 = checked|x64
		{E7D3BE3B-90C2-3817-955F-9D75DF855451}.Debug|x64.ActiveCfg = debug|x64
		{E7D3BE3B-90C2-3817-955F-9D75DF855451}.Debug|x64.Build.0 = debug|x64
		{E7D3BE3B-90C2-3817-955F-9D75DF855451}.Debug|x86.ActiveCfg = debug|x64
		{E7D3BE3B-90C2-3817-955F-9D75DF855451}.Debug|x86.Build.0 = debug|x64
		{E7D3BE3B-90C2-3817-955F-9D75DF855451}.MinSizeRel|x64.ActiveCfg = profile|x64
		{E7D3BE3B-90C2-3817-955F-9D75DF855451}.MinSizeRel|x64.Build.0 = profile|x64
		{E7D3BE3B-90C2-3817-955F-9D75DF855451}.MinSizeRel|x86.ActiveCfg = profile|x64
		{E7D3BE3B-90C2-3817-955F-9D75DF855451}.MinSizeRel|x86.Build.0 = profile|x64
		{E7D3BE3B-90C2-3817-955F-9D75DF855451}.profile|x64.ActiveCfg = profile|x64
		{E7D3BE3B-90C2-3817-955F-9D75DF855451}.profile|x64.Build.0 = profile|x64
		{E7D3BE3B-90C2-3817-955F-9D75DF855451}.profile|x86.ActiveCfg = profile|x64
		{E7D3BE3B-90C2-3817-955F-9D75DF855451}.profile|x86.Build.0 = profile|x64
		{E7D3BE3B-90C2-3817-955F-9D75DF855451}.Release|x64.ActiveCfg = release|x64
		{E7D3BE3B-90C2-3817-955F-9D75DF855451}.Release|x64.Build.0 = release|x64
		{E7D3BE3B-90C2-3817-955F-9D75DF855451}.Release|x86.ActiveCfg = release|x64
		{E7D3BE3B-90C2-3817-955F-9D75DF855451}.Release|x86.Build.0 = release|x64
		{E7D3BE3B-90C2-3817-955F-9D75DF855451}.RelWithDebInfo|x64.ActiveCfg = release|x64
		{E7D3BE3B-90C2-3817-955F-9D75DF855451}.RelWithDebInfo|x64.Build.0 = release|x64
		{E7D3BE3B-90C2-3817-955F-9D75DF855451}.RelWithDebInfo|x86.ActiveCfg = release|x64
		{E7D3BE3B-90C2-3817-955F-9D75DF855451}.RelWithDebInfo|x86.Build.0 = release|x64
	EndGlobalSection
	GlobalSection(SolutionProperties) = preSolution
		HideSolutionNode = FALSE
	EndGlobalSection
	GlobalSection(NestedProjects) = preSolution
		{BBE94119-8D1F-39BF-A691-1A2FAE30C29E} = {B0B8E8BE-6503-4F11-B568-A458F92397BE}
		{C576E6B2-7668-3FFB-86ED-C244CF23E2EC} = {B0B8E8BE-6503-4F11-B568-A458F92397BE}
		{72048B58-0DEF-350B-B2FA-20C89D9D92EE} = {B0B8E8BE-6503-4F11-B568-A458F92397BE}
		{068860DB-8AEE-39E6-8FF1-2987BAD42CDD} = {B0B8E8BE-6503-4F11-B568-A458F92397BE}
		{238BF3AA-D2E9-3E65-A373-6786B23914BD} = {B0B8E8BE-6503-4F11-B568-A458F92397BE}
		{6CFAD7D8-3199-3063-9F05-B07B2F0CA084} = {B0B8E8BE-6503-4F11-B568-A458F92397BE}
		{CD64D861-FEE7-387C-8EB7-D2B813C37E8C} = {B0B8E8BE-6503-4F11-B568-A458F92397BE}
		{93C28660-CC3D-38A3-B489-5061B208B806} = {B0B8E8BE-6503-4F11-B568-A458F92397BE}
		{92DE99B8-18CF-3FB4-BF35-C49E2C5033C6} = {B0B8E8BE-6503-4F11-B568-A458F92397BE}
		{4AF6F8A3-2D0C-360C-B1F4-6107657541BB} = {B0B8E8BE-6503-4F11-B568-A458F92397BE}
		{A8D4E404-B723-35E9-9725-52DA01A5F820} = {B0B8E8BE-6503-4F11-B568-A458F92397BE}
		{60D9869F-756E-33ED-AB24-6CEC143E7D5C} = {B0B8E8BE-6503-4F11-B568-A458F92397BE}
		{5F9EE3CE-24C5-37E0-A5F4-E7546355C0EB} = {B0B8E8BE-6503-4F11-B568-A458F92397BE}
		{541733D5-58CA-3AF5-8928-265D3D0BAA2E} = {B0B8E8BE-6503-4F11-B568-A458F92397BE}
		{E7D3BE3B-90C2-3817-955F-9D75DF855451} = {B0B8E8BE-6503-4F11-B568-A458F92397BE}
	EndGlobalSection
	GlobalSection(ExtensibilityGlobals) = postSolution
		SolutionGuid = {F00629BA-CDFB-4E92-8C35-07376AD0A4D2}
	EndGlobalSection
EndGlobal
