<?xml version="1.0" encoding="utf-8"?>
<Project ToolsVersion="4.0" xmlns="http://schemas.microsoft.com/developer/msbuild/2003">
  <ItemGroup>
    <Filter Include="Source Files">
      <UniqueIdentifier>{4FC737F1-C7A5-4376-A066-2A32D752A2FF}</UniqueIdentifier>
      <Extensions>cpp;c;cc;cxx;c++;cppm;ixx;def;odl;idl;hpj;bat;asm;asmx</Extensions>
    </Filter>
    <Filter Include="Header Files">
      <UniqueIdentifier>{93995380-89BD-4b04-88EB-625FBE52EBFB}</UniqueIdentifier>
      <Extensions>h;hh;hpp;hxx;h++;hm;inl;inc;ipp;xsd</Extensions>
    </Filter>
    <Filter Include="Resource Files">
      <UniqueIdentifier>{67DA6AB6-F800-4c08-8B7A-83BB121AAD01}</UniqueIdentifier>
      <Extensions>rc;ico;cur;bmp;dlg;rc2;rct;bin;rgs;gif;jpg;jpeg;jpe;resx;tiff;tif;png;wav;mfcribbon-ms</Extensions>
    </Filter>
  </ItemGroup>
  <ItemGroup>
    <ClInclude Include="sources\NaiveGame\NaiveGame.h">
      <Filter>Header Files</Filter>
    </ClInclude>
    <ClInclude Include="sources\Renderer\VulkanInstance.h">
      <Filter>Header Files</Filter>
    </ClInclude>
    <ClInclude Include="sources\XR\OpenXrInstance.h">
      <Filter>Header Files</Filter>
    </ClInclude>
    <ClInclude Include="sources\mainCommon.h">
      <Filter>Header Files</Filter>
    </ClInclude>
    <ClInclude Include="external\xr_linear.h">
      <Filter>Header Files</Filter>
    </ClInclude>
    <ClInclude Include="sources\Renderer\MeshModel.h">
      <Filter>Header Files</Filter>
    </ClInclude>
    <ClInclude Include="sources\Utils.h">
      <Filter>Header Files</Filter>
    </ClInclude>
    <ClInclude Include="external\stb_image.h">
      <Filter>Header Files</Filter>
    </ClInclude>
    <ClInclude Include="sources\Renderer\Texture.h">
      <Filter>Header Files</Filter>
    </ClInclude>
    <ClInclude Include="external\tiny_obj_loader.h">
      <Filter>Header Files</Filter>
    </ClInclude>
    <ClInclude Include="sources\Bricks\GameObject.h">
      <Filter>Header Files</Filter>
    </ClInclude>
    <ClInclude Include="sources\Bricks\Transform.h">
      <Filter>Header Files</Filter>
    </ClInclude>
    <ClInclude Include="sources\Physics\PhysXInstance.h">
      <Filter>Header Files</Filter>
    </ClInclude>
    <ClInclude Include="sources\physics\PhysicsTransform.h">
      <Filter>Header Files</Filter>
    </ClInclude>
    <ClInclude Include="sources\Physics\RigidDynamic.h">
      <Filter>Header Files</Filter>
    </ClInclude>
    <ClInclude Include="sources\Bricks\Scene.h">
      <Filter>Header Files</Filter>
    </ClInclude>
    <ClInclude Include="sources\Bricks\SceneManager.h">
      <Filter>Header Files</Filter>
    </ClInclude>
    <ClInclude Include="sources\Bricks\GameInstance.h">
      <Filter>Header Files</Filter>
    </ClInclude>
    <ClInclude Include="sources\Renderer\GraphicsInstance.h">
      <Filter>Header Files</Filter>
    </ClInclude>
    <ClInclude Include="sources\XR\XrInstance.h">
      <Filter>Header Files</Filter>
    </ClInclude>
    <ClInclude Include="sources\Physics\PhysicsEngineInstance.h">
      <Filter>Header Files</Filter>
    </ClInclude>
    <ClInclude Include="sources\Bricks\GameComponent.h">
      <Filter>Header Files</Filter>
    </ClInclude>
    <ClInclude Include="sources\XR\XrSpaceTransform.h">
      <Filter>Header Files</Filter>
    </ClInclude>
    <ClInclude Include="sources\Physics\PhysicsShape.h">
      <Filter>Header Files</Filter>
    </ClInclude>
    <ClInclude Include="sources\Physics\RigidStatic.h">
      <Filter>Header Files</Filter>
    </ClInclude>
    <ClInclude Include="sources\Physics\RigidActor.h">
      <Filter>Header Files</Filter>
    </ClInclude>
    <ClInclude Include="sources\XR\XrControllerActions.h">
      <Filter>Header Files</Filter>
    </ClInclude>
    <ClInclude Include="sources\NaiveGame\MachineGear.h">
      <Filter>Header Files</Filter>
    </ClInclude>
    <ClInclude Include="sources\Physics\ITriggerCallback.h">
      <Filter>Header Files</Filter>
    </ClInclude>
    <ClInclude Include="sources\Renderer\Material.h">
      <Filter>Header Files</Filter>
    </ClInclude>
  </ItemGroup>
  <ItemGroup>
    <ClCompile Include="sources\NaiveGame\NaiveGame.cpp">
      <Filter>Source Files</Filter>
    </ClCompile>
    <ClCompile Include="sources\Renderer\VulkanInstance.cpp">
      <Filter>Source Files</Filter>
    </ClCompile>
    <ClCompile Include="sources\XR\OpenXrInstance.cpp">
      <Filter>Source Files</Filter>
    </ClCompile>
    <ClCompile Include="main.cpp">
      <Filter>Source Files</Filter>
    </ClCompile>
    <ClCompile Include="sources\Renderer\MeshModel.cpp">
      <Filter>Source Files</Filter>
    </ClCompile>
    <ClCompile Include="sources\Utils.cpp">
      <Filter>Source Files</Filter>
    </ClCompile>
    <ClCompile Include="sources\Renderer\Texture.cpp">
      <Filter>Source Files</Filter>
    </ClCompile>
    <ClCompile Include="external\stb_image.cpp">
      <Filter>Source Files</Filter>
    </ClCompile>
    <ClCompile Include="external\tiny_obj_loader.cpp">
      <Filter>Source Files</Filter>
    </ClCompile>
    <ClCompile Include="sources\Bricks\GameObject.cpp">
      <Filter>Source Files</Filter>
    </ClCompile>
    <ClCompile Include="sources\Bricks\Transform.cpp">
      <Filter>Source Files</Filter>
    </ClCompile>
    <ClCompile Include="sources\Physics\PhysXInstance.cpp">
      <Filter>Source Files</Filter>
    </ClCompile>
    <ClCompile Include="sources\physics\PhysicsTransform.cpp">
      <Filter>Source Files</Filter>
    </ClCompile>
    <ClCompile Include="sources\Physics\RigidDynamic.cpp">
      <Filter>Source Files</Filter>
    </ClCompile>
    <ClCompile Include="sources\Bricks\Scene.cpp">
      <Filter>Source Files</Filter>
    </ClCompile>
    <ClCompile Include="sources\Bricks\SceneManager.cpp">
      <Filter>Source Files</Filter>
    </ClCompile>
    <ClCompile Include="sources\Bricks\GameInstance.cpp">
      <Filter>Source Files</Filter>
    </ClCompile>
    <ClCompile Include="sources\Renderer\GraphicsInstance.cpp">
      <Filter>Source Files</Filter>
    </ClCompile>
    <ClCompile Include="sources\XR\XrInstance.cpp">
      <Filter>Source Files</Filter>
    </ClCompile>
    <ClCompile Include="sources\Physics\PhysicsEngineInstance.cpp">
      <Filter>Source Files</Filter>
    </ClCompile>
    <ClCompile Include="sources\Bricks\GameComponent.cpp">
      <Filter>Source Files</Filter>
    </ClCompile>
    <ClCompile Include="sources\XR\XrSpaceTransform.cpp">
      <Filter>Source Files</Filter>
    </ClCompile>
    <ClCompile Include="sources\Physics\PhysicsShape.cpp">
      <Filter>Source Files</Filter>
    </ClCompile>
    <ClCompile Include="sources\Physics\RigidStatic.cpp">
      <Filter>Source Files</Filter>
    </ClCompile>
    <ClCompile Include="sources\Physics\RigidActor.cpp">
      <Filter>Source Files</Filter>
    </ClCompile>
    <ClCompile Include="sources\XR\XrControllerActions.cpp">
      <Filter>Source Files</Filter>
    </ClCompile>
    <ClCompile Include="sources\NaiveGame\MachineGear.cpp">
      <Filter>Source Files</Filter>
    </ClCompile>
    <ClCompile Include="sources\Physics\ITriggerCallback.cpp">
      <Filter>Source Files</Filter>
    </ClCompile>
    <ClCompile Include="sources\Renderer\Material.cpp">
      <Filter>Source Files</Filter>
    </ClCompile>
  </ItemGroup>
</Project>